// !$*UTF8*$!
{
	archiveVersion = 1;
	classes = {
	};
	objectVersion = 51;
	objects = {

/* Begin PBXBuildFile section */
		61750E8DAEB7FB6250C5FDA6 /* Pods_instagramCloneSwift.framework in Frameworks */ = {isa = PBXBuildFile; fileRef = 1CF1609ABF0CB9DD4966377B /* Pods_instagramCloneSwift.framework */; };
		95016BDF22B8158A0016CD82 /* PeopleTableViewCellFromProfile.swift in Sources */ = {isa = PBXBuildFile; fileRef = 95016BDE22B8158A0016CD82 /* PeopleTableViewCellFromProfile.swift */; };
		9502194822DA565C00A12CAB /* HashTagViewController.swift in Sources */ = {isa = PBXBuildFile; fileRef = 9502194722DA565C00A12CAB /* HashTagViewController.swift */; };
		9502194A22DA741400A12CAB /* HashTagCollectionViewCell.swift in Sources */ = {isa = PBXBuildFile; fileRef = 9502194922DA741400A12CAB /* HashTagCollectionViewCell.swift */; };
		9515750522C185BD00B6E7D6 /* SettingUITableViewController.swift in Sources */ = {isa = PBXBuildFile; fileRef = 9515750422C185BD00B6E7D6 /* SettingUITableViewController.swift */; };
		9515750722C555E200B6E7D6 /* DetailViewController.swift in Sources */ = {isa = PBXBuildFile; fileRef = 9515750622C555E200B6E7D6 /* DetailViewController.swift */; };
		9525C86122E77AF1009FC7AD /* Home@2x.png in Resources */ = {isa = PBXBuildFile; fileRef = 9525C85E22E77AF1009FC7AD /* Home@2x.png */; };
		9525C86222E77AF1009FC7AD /* Home.png in Resources */ = {isa = PBXBuildFile; fileRef = 9525C85F22E77AF1009FC7AD /* Home.png */; };
		9525C86322E77AF1009FC7AD /* Home@3x.png in Resources */ = {isa = PBXBuildFile; fileRef = 9525C86022E77AF1009FC7AD /* Home@3x.png */; };
		9525C86722E77F64009FC7AD /* Profile.png in Resources */ = {isa = PBXBuildFile; fileRef = 9525C86422E77F63009FC7AD /* Profile.png */; };
		9525C86822E77F64009FC7AD /* Profile@2x.png in Resources */ = {isa = PBXBuildFile; fileRef = 9525C86522E77F64009FC7AD /* Profile@2x.png */; };
		9525C86922E77F64009FC7AD /* Profile@3x.png in Resources */ = {isa = PBXBuildFile; fileRef = 9525C86622E77F64009FC7AD /* Profile@3x.png */; };
		9525C86D22E77F9D009FC7AD /* Activity.png in Resources */ = {isa = PBXBuildFile; fileRef = 9525C86A22E77F9D009FC7AD /* Activity.png */; };
		9525C86E22E77F9D009FC7AD /* Activity@3x.png in Resources */ = {isa = PBXBuildFile; fileRef = 9525C86B22E77F9D009FC7AD /* Activity@3x.png */; };
		9525C86F22E77F9D009FC7AD /* Activity@2x.png in Resources */ = {isa = PBXBuildFile; fileRef = 9525C86C22E77F9D009FC7AD /* Activity@2x.png */; };
		9525C87322E7805C009FC7AD /* Photo@2x.png in Resources */ = {isa = PBXBuildFile; fileRef = 9525C87022E7805B009FC7AD /* Photo@2x.png */; };
		9525C87422E7805C009FC7AD /* Photo@3x.png in Resources */ = {isa = PBXBuildFile; fileRef = 9525C87122E7805C009FC7AD /* Photo@3x.png */; };
		9525C87522E7805C009FC7AD /* Photo.png in Resources */ = {isa = PBXBuildFile; fileRef = 9525C87222E7805C009FC7AD /* Photo.png */; };
		9525C87922E78066009FC7AD /* Search_Selected@3x.png in Resources */ = {isa = PBXBuildFile; fileRef = 9525C87622E78066009FC7AD /* Search_Selected@3x.png */; };
		9525C87A22E78066009FC7AD /* Search_Selected@2x.png in Resources */ = {isa = PBXBuildFile; fileRef = 9525C87722E78066009FC7AD /* Search_Selected@2x.png */; };
		9525C87B22E78066009FC7AD /* Search_Selected.png in Resources */ = {isa = PBXBuildFile; fileRef = 9525C87822E78066009FC7AD /* Search_Selected.png */; };
		9525C87F22E78070009FC7AD /* Search@2x.png in Resources */ = {isa = PBXBuildFile; fileRef = 9525C87C22E7806F009FC7AD /* Search@2x.png */; };
		9525C88022E78070009FC7AD /* Search.png in Resources */ = {isa = PBXBuildFile; fileRef = 9525C87D22E78070009FC7AD /* Search.png */; };
		9525C88122E78070009FC7AD /* Search@3x.png in Resources */ = {isa = PBXBuildFile; fileRef = 9525C87E22E78070009FC7AD /* Search@3x.png */; };
		9525C88322E78917009FC7AD /* FollowerViewController.swift in Sources */ = {isa = PBXBuildFile; fileRef = 9525C88222E78917009FC7AD /* FollowerViewController.swift */; };
		9525C88522E79646009FC7AD /* PeopleTableViewCellForFollower.swift in Sources */ = {isa = PBXBuildFile; fileRef = 9525C88422E79646009FC7AD /* PeopleTableViewCellForFollower.swift */; };
		9525C88722E79B45009FC7AD /* FollowingViewController.swift in Sources */ = {isa = PBXBuildFile; fileRef = 9525C88622E79B45009FC7AD /* FollowingViewController.swift */; };
		9525C88922E79DAB009FC7AD /* PeopleTableViewCellForFollowing.swift in Sources */ = {isa = PBXBuildFile; fileRef = 9525C88822E79DAB009FC7AD /* PeopleTableViewCellForFollowing.swift */; };
		9540CEBB22A30969005868A8 /* discover.png in Resources */ = {isa = PBXBuildFile; fileRef = 9540CEB822A30968005868A8 /* discover.png */; };
		9540CEBC22A30969005868A8 /* discover@2x.png in Resources */ = {isa = PBXBuildFile; fileRef = 9540CEB922A30968005868A8 /* discover@2x.png */; };
		9540CEBD22A30969005868A8 /* discover@3x.png in Resources */ = {isa = PBXBuildFile; fileRef = 9540CEBA22A30969005868A8 /* discover@3x.png */; };
		9540CEBF22A31C6E005868A8 /* PeopleViewController.swift in Sources */ = {isa = PBXBuildFile; fileRef = 9540CEBE22A31C6E005868A8 /* PeopleViewController.swift */; };
		9540CEC122A31CDC005868A8 /* PeopleTableViewCell.swift in Sources */ = {isa = PBXBuildFile; fileRef = 9540CEC022A31CDC005868A8 /* PeopleTableViewCell.swift */; };
		9545295322AAF1A100C35AE7 /* SearchViewController.swift in Sources */ = {isa = PBXBuildFile; fileRef = 9545295222AAF1A100C35AE7 /* SearchViewController.swift */; };
		9545A7702299D3F300CA8FEB /* HeaderProfileCollectionReusableView.swift in Sources */ = {isa = PBXBuildFile; fileRef = 9545A76F2299D3F300CA8FEB /* HeaderProfileCollectionReusableView.swift */; };
		9545A772229C6CFF00CA8FEB /* MyPostsApi.swift in Sources */ = {isa = PBXBuildFile; fileRef = 9545A771229C6CFF00CA8FEB /* MyPostsApi.swift */; };
		9545A774229C897E00CA8FEB /* PhotoCollectionViewCell.swift in Sources */ = {isa = PBXBuildFile; fileRef = 9545A773229C897E00CA8FEB /* PhotoCollectionViewCell.swift */; };
		954672ED2284FB8200E6C113 /* like.png in Resources */ = {isa = PBXBuildFile; fileRef = 954672EA2284FB2900E6C113 /* like.png */; };
		954672EE2284FC3800E6C113 /* like@2x.png in Resources */ = {isa = PBXBuildFile; fileRef = 954672EB2284FB2900E6C113 /* like@2x.png */; };
		954672EF2284FC3800E6C113 /* like@3x.png in Resources */ = {isa = PBXBuildFile; fileRef = 954672EC2284FB2A00E6C113 /* like@3x.png */; };
		954672F42284FC5200E6C113 /* Comment.png in Resources */ = {isa = PBXBuildFile; fileRef = 954672F12284FC3F00E6C113 /* Comment.png */; };
		954672F52284FC5200E6C113 /* Comment@2x.png in Resources */ = {isa = PBXBuildFile; fileRef = 954672F22284FC3F00E6C113 /* Comment@2x.png */; };
		954672F62284FC5200E6C113 /* Comment@3x.png in Resources */ = {isa = PBXBuildFile; fileRef = 954672F02284FC3F00E6C113 /* Comment@3x.png */; };
		954672F72284FC5200E6C113 /* share.png in Resources */ = {isa = PBXBuildFile; fileRef = 954672F32284FC4E00E6C113 /* share.png */; };
		9547955E2289F8E70083DC20 /* Comment.swift in Sources */ = {isa = PBXBuildFile; fileRef = 9547955D2289F8E70083DC20 /* Comment.swift */; };
		955B4A6D22CC304A00E8A158 /* Icon_Mute@2x.png in Resources */ = {isa = PBXBuildFile; fileRef = 955B4A6A22CC304A00E8A158 /* Icon_Mute@2x.png */; };
		955B4A6E22CC304A00E8A158 /* Icon_Mute@3x.png in Resources */ = {isa = PBXBuildFile; fileRef = 955B4A6B22CC304A00E8A158 /* Icon_Mute@3x.png */; };
		955B4A6F22CC304A00E8A158 /* Icon_Mute.png in Resources */ = {isa = PBXBuildFile; fileRef = 955B4A6C22CC304A00E8A158 /* Icon_Mute.png */; };
		955B4A7322CC305500E8A158 /* Icon_Volume@3x.png in Resources */ = {isa = PBXBuildFile; fileRef = 955B4A7022CC305400E8A158 /* Icon_Volume@3x.png */; };
		955B4A7422CC305500E8A158 /* Icon_Volume@2x.png in Resources */ = {isa = PBXBuildFile; fileRef = 955B4A7122CC305500E8A158 /* Icon_Volume@2x.png */; };
		955B4A7522CC305500E8A158 /* Icon_Volume.png in Resources */ = {isa = PBXBuildFile; fileRef = 955B4A7222CC305500E8A158 /* Icon_Volume.png */; };
		955B4A7722CE88C700E8A158 /* ProfileTableViewController.swift in Sources */ = {isa = PBXBuildFile; fileRef = 955B4A7622CE88C700E8A158 /* ProfileTableViewController.swift */; };
		955EADA822B57AE2006789E1 /* StorageReference.swift in Sources */ = {isa = PBXBuildFile; fileRef = 955EADA722B57AE2006789E1 /* StorageReference.swift */; };
		9560793B2295D78C00CE75D7 /* likeSelected@3x.png in Resources */ = {isa = PBXBuildFile; fileRef = 956079382295D78B00CE75D7 /* likeSelected@3x.png */; };
		9560793C2295D78C00CE75D7 /* likeSelected.png in Resources */ = {isa = PBXBuildFile; fileRef = 956079392295D78B00CE75D7 /* likeSelected.png */; };
		9560793D2295D78C00CE75D7 /* likeSelected@2x.png in Resources */ = {isa = PBXBuildFile; fileRef = 9560793A2295D78B00CE75D7 /* likeSelected@2x.png */; };
		95671A73229F22ED005A3B4F /* Config.swift in Sources */ = {isa = PBXBuildFile; fileRef = 95671A72229F22ED005A3B4F /* Config.swift */; };
		95671A75229F48A7005A3B4F /* HelperSevice.swift in Sources */ = {isa = PBXBuildFile; fileRef = 95671A74229F48A7005A3B4F /* HelperSevice.swift */; };
		956E9E0022D14B2200A6F0E8 /* FilterViewController.swift in Sources */ = {isa = PBXBuildFile; fileRef = 956E9DFF22D14B2200A6F0E8 /* FilterViewController.swift */; };
		956E9E0222D16B8300A6F0E8 /* FilterCollectionViewCell.swift in Sources */ = {isa = PBXBuildFile; fileRef = 956E9E0122D16B8300A6F0E8 /* FilterCollectionViewCell.swift */; };
		956E9E0422D67E0B00A6F0E8 /* TestViewController.swift in Sources */ = {isa = PBXBuildFile; fileRef = 956E9E0322D67E0B00A6F0E8 /* TestViewController.swift */; };
		956E9E0622D67F9800A6F0E8 /* TestCollectionViewCell.swift in Sources */ = {isa = PBXBuildFile; fileRef = 956E9E0522D67F9800A6F0E8 /* TestCollectionViewCell.swift */; };
		956E9E0822D7B5C000A6F0E8 /* HashTagApi.swift in Sources */ = {isa = PBXBuildFile; fileRef = 956E9E0722D7B5C000A6F0E8 /* HashTagApi.swift */; };
		95895CFA2278CDDA009371DC /* refactored.storyboard in Resources */ = {isa = PBXBuildFile; fileRef = 95895CF92278CDDA009371DC /* refactored.storyboard */; };
		95895CFE2278ED49009371DC /* GoogleService-Info.plist in Resources */ = {isa = PBXBuildFile; fileRef = 95895CFD2278ED49009371DC /* GoogleService-Info.plist */; };
		95959CCF22A9CD4F00A8E04C /* FeedApi.swift in Sources */ = {isa = PBXBuildFile; fileRef = 95959CCE22A9CD4F00A8E04C /* FeedApi.swift */; };
		959D17F3228507EE00824F9B /* HomeUITableViewCell.swift in Sources */ = {isa = PBXBuildFile; fileRef = 959D17F2228507EE00824F9B /* HomeUITableViewCell.swift */; };
		95AC7B7922862DDC00EF0956 /* UserModel.swift in Sources */ = {isa = PBXBuildFile; fileRef = 95AC7B7822862DDC00EF0956 /* UserModel.swift */; };
		95AF085B229DBAAD00C5210B /* AuthService.swift in Sources */ = {isa = PBXBuildFile; fileRef = 95AF085A229DBAAD00C5210B /* AuthService.swift */; };
		95B5045822AEE4BD00392961 /* ProfileUserViewController.swift in Sources */ = {isa = PBXBuildFile; fileRef = 95B5045722AEE4BD00392961 /* ProfileUserViewController.swift */; };
		95B888AF22921F2800007B30 /* UserApi.swift in Sources */ = {isa = PBXBuildFile; fileRef = 95B888AE22921F2800007B30 /* UserApi.swift */; };
		95B888B122933EF900007B30 /* Api.swift in Sources */ = {isa = PBXBuildFile; fileRef = 95B888B022933EF900007B30 /* Api.swift */; };
		95B888B3229340AB00007B30 /* CommentApi.swift in Sources */ = {isa = PBXBuildFile; fileRef = 95B888B2229340AB00007B30 /* CommentApi.swift */; };
		95B888B52293595400007B30 /* Post_CommentApi.swift in Sources */ = {isa = PBXBuildFile; fileRef = 95B888B42293595400007B30 /* Post_CommentApi.swift */; };
		95C0C382227F621300CDE5F7 /* placeholder.png in Resources */ = {isa = PBXBuildFile; fileRef = 95C0C381227F621200CDE5F7 /* placeholder.png */; };
		95C0C38722821B3C00CDE5F7 /* Post.swift in Sources */ = {isa = PBXBuildFile; fileRef = 95C0C38622821B3C00CDE5F7 /* Post.swift */; };
		95C0C38B2284714200CDE5F7 /* home.storyboard in Resources */ = {isa = PBXBuildFile; fileRef = 95C0C38A2284714200CDE5F7 /* home.storyboard */; };
		95C0C38D2284722500CDE5F7 /* search.storyboard in Resources */ = {isa = PBXBuildFile; fileRef = 95C0C38C2284722500CDE5F7 /* search.storyboard */; };
		95C0C38F2284728C00CDE5F7 /* camera.storyboard in Resources */ = {isa = PBXBuildFile; fileRef = 95C0C38E2284728C00CDE5F7 /* camera.storyboard */; };
		95C0C391228472C800CDE5F7 /* activity.storyboard in Resources */ = {isa = PBXBuildFile; fileRef = 95C0C390228472C800CDE5F7 /* activity.storyboard */; };
		95C0C3932284730800CDE5F7 /* profile.storyboard in Resources */ = {isa = PBXBuildFile; fileRef = 95C0C3922284730800CDE5F7 /* profile.storyboard */; };
		95C0C39522847E6F00CDE5F7 /* placeholderImg.jpeg in Resources */ = {isa = PBXBuildFile; fileRef = 95C0C39422847E6F00CDE5F7 /* placeholderImg.jpeg */; };
		95C0C3AF2284830600CDE5F7 /* ProgressHud in Resources */ = {isa = PBXBuildFile; fileRef = 95C0C3982284830200CDE5F7 /* ProgressHud */; };
		95C0C3C82284B03600CDE5F7 /* photo1.jpeg in Resources */ = {isa = PBXBuildFile; fileRef = 95C0C3C72284B03600CDE5F7 /* photo1.jpeg */; };
		95C0C3CA2284B0EC00CDE5F7 /* photo2.jpeg in Resources */ = {isa = PBXBuildFile; fileRef = 95C0C3C92284B0EC00CDE5F7 /* photo2.jpeg */; };
		95C5D557227792C10046BBA5 /* AppDelegate.swift in Sources */ = {isa = PBXBuildFile; fileRef = 95C5D556227792C10046BBA5 /* AppDelegate.swift */; };
		95C5D55C227792C10046BBA5 /* Main.storyboard in Resources */ = {isa = PBXBuildFile; fileRef = 95C5D55A227792C10046BBA5 /* Main.storyboard */; };
		95C5D561227792C20046BBA5 /* LaunchScreen.storyboard in Resources */ = {isa = PBXBuildFile; fileRef = 95C5D55F227792C20046BBA5 /* LaunchScreen.storyboard */; };
		95C5D569227793190046BBA5 /* LogInViewController.swift in Sources */ = {isa = PBXBuildFile; fileRef = 95C5D568227793190046BBA5 /* LogInViewController.swift */; };
		95C5D56B227793310046BBA5 /* SignUpViewController.swift in Sources */ = {isa = PBXBuildFile; fileRef = 95C5D56A227793310046BBA5 /* SignUpViewController.swift */; };
		95C5D56D2277A0F60046BBA5 /* InstagramLogo.svg in Resources */ = {isa = PBXBuildFile; fileRef = 95C5D56C2277A0F60046BBA5 /* InstagramLogo.svg */; };
		95C5D56F2277A7130046BBA5 /* HomeViewController.swift in Sources */ = {isa = PBXBuildFile; fileRef = 95C5D56E2277A7130046BBA5 /* HomeViewController.swift */; };
		95C5D5712277A74C0046BBA5 /* DiscoverViewController.swift in Sources */ = {isa = PBXBuildFile; fileRef = 95C5D5702277A74C0046BBA5 /* DiscoverViewController.swift */; };
		95C5D5732277A77E0046BBA5 /* CameraViewController.swift in Sources */ = {isa = PBXBuildFile; fileRef = 95C5D5722277A77E0046BBA5 /* CameraViewController.swift */; };
		95C5D5752277A7BC0046BBA5 /* ActivityViewController.swift in Sources */ = {isa = PBXBuildFile; fileRef = 95C5D5742277A7BC0046BBA5 /* ActivityViewController.swift */; };
		95C5D5772277A7FA0046BBA5 /* ProfileViewController.swift in Sources */ = {isa = PBXBuildFile; fileRef = 95C5D5762277A7FA0046BBA5 /* ProfileViewController.swift */; };
		95D0AC2C22A460E400A52AB2 /* followApi.swift in Sources */ = {isa = PBXBuildFile; fileRef = 95D0AC2B22A460E400A52AB2 /* followApi.swift */; };
		95F1159122E0EA0F00985167 /* ActivityTableViewCell.swift in Sources */ = {isa = PBXBuildFile; fileRef = 95F1159022E0EA0F00985167 /* ActivityTableViewCell.swift */; };
		95F1159322E0F4A200985167 /* NotificationApi.swift in Sources */ = {isa = PBXBuildFile; fileRef = 95F1159222E0F4A200985167 /* NotificationApi.swift */; };
		95F1159622E0FE0D00985167 /* Notification.swift in Sources */ = {isa = PBXBuildFile; fileRef = 95F1159522E0FE0D00985167 /* Notification.swift */; };
		95F76B502291D4BC002138D7 /* PostApi.swift in Sources */ = {isa = PBXBuildFile; fileRef = 95F76B4F2291D4BC002138D7 /* PostApi.swift */; };
		95F826B4227A3CF800C651B6 /* defaultPerson.jpg in Resources */ = {isa = PBXBuildFile; fileRef = 95F826B3227A3CF800C651B6 /* defaultPerson.jpg */; };
		95F8A7992288B0CE00FEF30E /* commentViewController.swift in Sources */ = {isa = PBXBuildFile; fileRef = 95F8A7982288B0CE00FEF30E /* commentViewController.swift */; };
		95F8A79B2288B10600FEF30E /* commentTableViewCell.swift in Sources */ = {isa = PBXBuildFile; fileRef = 95F8A79A2288B10600FEF30E /* commentTableViewCell.swift */; };
/* End PBXBuildFile section */

/* Begin PBXFileReference section */
		1CF1609ABF0CB9DD4966377B /* Pods_instagramCloneSwift.framework */ = {isa = PBXFileReference; explicitFileType = wrapper.framework; includeInIndex = 0; path = Pods_instagramCloneSwift.framework; sourceTree = BUILT_PRODUCTS_DIR; };
		95016BDE22B8158A0016CD82 /* PeopleTableViewCellFromProfile.swift */ = {isa = PBXFileReference; lastKnownFileType = sourcecode.swift; path = PeopleTableViewCellFromProfile.swift; sourceTree = "<group>"; };
		9502194722DA565C00A12CAB /* HashTagViewController.swift */ = {isa = PBXFileReference; lastKnownFileType = sourcecode.swift; path = HashTagViewController.swift; sourceTree = "<group>"; };
		9502194922DA741400A12CAB /* HashTagCollectionViewCell.swift */ = {isa = PBXFileReference; lastKnownFileType = sourcecode.swift; path = HashTagCollectionViewCell.swift; sourceTree = "<group>"; };
		9515750422C185BD00B6E7D6 /* SettingUITableViewController.swift */ = {isa = PBXFileReference; lastKnownFileType = sourcecode.swift; path = SettingUITableViewController.swift; sourceTree = "<group>"; };
		9515750622C555E200B6E7D6 /* DetailViewController.swift */ = {isa = PBXFileReference; lastKnownFileType = sourcecode.swift; path = DetailViewController.swift; sourceTree = "<group>"; };
		9525C85E22E77AF1009FC7AD /* Home@2x.png */ = {isa = PBXFileReference; lastKnownFileType = image.png; path = "Home@2x.png"; sourceTree = "<group>"; };
		9525C85F22E77AF1009FC7AD /* Home.png */ = {isa = PBXFileReference; lastKnownFileType = image.png; path = Home.png; sourceTree = "<group>"; };
		9525C86022E77AF1009FC7AD /* Home@3x.png */ = {isa = PBXFileReference; lastKnownFileType = image.png; path = "Home@3x.png"; sourceTree = "<group>"; };
		9525C86422E77F63009FC7AD /* Profile.png */ = {isa = PBXFileReference; lastKnownFileType = image.png; path = Profile.png; sourceTree = "<group>"; };
		9525C86522E77F64009FC7AD /* Profile@2x.png */ = {isa = PBXFileReference; lastKnownFileType = image.png; path = "Profile@2x.png"; sourceTree = "<group>"; };
		9525C86622E77F64009FC7AD /* Profile@3x.png */ = {isa = PBXFileReference; lastKnownFileType = image.png; path = "Profile@3x.png"; sourceTree = "<group>"; };
		9525C86A22E77F9D009FC7AD /* Activity.png */ = {isa = PBXFileReference; lastKnownFileType = image.png; path = Activity.png; sourceTree = "<group>"; };
		9525C86B22E77F9D009FC7AD /* Activity@3x.png */ = {isa = PBXFileReference; lastKnownFileType = image.png; path = "Activity@3x.png"; sourceTree = "<group>"; };
		9525C86C22E77F9D009FC7AD /* Activity@2x.png */ = {isa = PBXFileReference; lastKnownFileType = image.png; path = "Activity@2x.png"; sourceTree = "<group>"; };
		9525C87022E7805B009FC7AD /* Photo@2x.png */ = {isa = PBXFileReference; lastKnownFileType = image.png; path = "Photo@2x.png"; sourceTree = "<group>"; };
		9525C87122E7805C009FC7AD /* Photo@3x.png */ = {isa = PBXFileReference; lastKnownFileType = image.png; path = "Photo@3x.png"; sourceTree = "<group>"; };
		9525C87222E7805C009FC7AD /* Photo.png */ = {isa = PBXFileReference; lastKnownFileType = image.png; path = Photo.png; sourceTree = "<group>"; };
		9525C87622E78066009FC7AD /* Search_Selected@3x.png */ = {isa = PBXFileReference; lastKnownFileType = image.png; path = "Search_Selected@3x.png"; sourceTree = "<group>"; };
		9525C87722E78066009FC7AD /* Search_Selected@2x.png */ = {isa = PBXFileReference; lastKnownFileType = image.png; path = "Search_Selected@2x.png"; sourceTree = "<group>"; };
		9525C87822E78066009FC7AD /* Search_Selected.png */ = {isa = PBXFileReference; lastKnownFileType = image.png; path = Search_Selected.png; sourceTree = "<group>"; };
		9525C87C22E7806F009FC7AD /* Search@2x.png */ = {isa = PBXFileReference; lastKnownFileType = image.png; path = "Search@2x.png"; sourceTree = "<group>"; };
		9525C87D22E78070009FC7AD /* Search.png */ = {isa = PBXFileReference; lastKnownFileType = image.png; path = Search.png; sourceTree = "<group>"; };
		9525C87E22E78070009FC7AD /* Search@3x.png */ = {isa = PBXFileReference; lastKnownFileType = image.png; path = "Search@3x.png"; sourceTree = "<group>"; };
		9525C88222E78917009FC7AD /* FollowerViewController.swift */ = {isa = PBXFileReference; lastKnownFileType = sourcecode.swift; path = FollowerViewController.swift; sourceTree = "<group>"; };
		9525C88422E79646009FC7AD /* PeopleTableViewCellForFollower.swift */ = {isa = PBXFileReference; lastKnownFileType = sourcecode.swift; path = PeopleTableViewCellForFollower.swift; sourceTree = "<group>"; };
		9525C88622E79B45009FC7AD /* FollowingViewController.swift */ = {isa = PBXFileReference; lastKnownFileType = sourcecode.swift; path = FollowingViewController.swift; sourceTree = "<group>"; };
		9525C88822E79DAB009FC7AD /* PeopleTableViewCellForFollowing.swift */ = {isa = PBXFileReference; lastKnownFileType = sourcecode.swift; path = PeopleTableViewCellForFollowing.swift; sourceTree = "<group>"; };
		9540CEB822A30968005868A8 /* discover.png */ = {isa = PBXFileReference; lastKnownFileType = image.png; path = discover.png; sourceTree = "<group>"; };
		9540CEB922A30968005868A8 /* discover@2x.png */ = {isa = PBXFileReference; lastKnownFileType = image.png; path = "discover@2x.png"; sourceTree = "<group>"; };
		9540CEBA22A30969005868A8 /* discover@3x.png */ = {isa = PBXFileReference; lastKnownFileType = image.png; path = "discover@3x.png"; sourceTree = "<group>"; };
		9540CEBE22A31C6E005868A8 /* PeopleViewController.swift */ = {isa = PBXFileReference; lastKnownFileType = sourcecode.swift; path = PeopleViewController.swift; sourceTree = "<group>"; };
		9540CEC022A31CDC005868A8 /* PeopleTableViewCell.swift */ = {isa = PBXFileReference; lastKnownFileType = sourcecode.swift; path = PeopleTableViewCell.swift; sourceTree = "<group>"; };
		9545295222AAF1A100C35AE7 /* SearchViewController.swift */ = {isa = PBXFileReference; lastKnownFileType = sourcecode.swift; path = SearchViewController.swift; sourceTree = "<group>"; };
		9545A76F2299D3F300CA8FEB /* HeaderProfileCollectionReusableView.swift */ = {isa = PBXFileReference; lastKnownFileType = sourcecode.swift; path = HeaderProfileCollectionReusableView.swift; sourceTree = "<group>"; };
		9545A771229C6CFF00CA8FEB /* MyPostsApi.swift */ = {isa = PBXFileReference; lastKnownFileType = sourcecode.swift; path = MyPostsApi.swift; sourceTree = "<group>"; };
		9545A773229C897E00CA8FEB /* PhotoCollectionViewCell.swift */ = {isa = PBXFileReference; lastKnownFileType = sourcecode.swift; path = PhotoCollectionViewCell.swift; sourceTree = "<group>"; };
		954672EA2284FB2900E6C113 /* like.png */ = {isa = PBXFileReference; lastKnownFileType = image.png; path = like.png; sourceTree = "<group>"; };
		954672EB2284FB2900E6C113 /* like@2x.png */ = {isa = PBXFileReference; lastKnownFileType = image.png; path = "like@2x.png"; sourceTree = "<group>"; };
		954672EC2284FB2A00E6C113 /* like@3x.png */ = {isa = PBXFileReference; lastKnownFileType = image.png; path = "like@3x.png"; sourceTree = "<group>"; };
		954672F02284FC3F00E6C113 /* Comment@3x.png */ = {isa = PBXFileReference; lastKnownFileType = image.png; path = "Comment@3x.png"; sourceTree = "<group>"; };
		954672F12284FC3F00E6C113 /* Comment.png */ = {isa = PBXFileReference; lastKnownFileType = image.png; path = Comment.png; sourceTree = "<group>"; };
		954672F22284FC3F00E6C113 /* Comment@2x.png */ = {isa = PBXFileReference; lastKnownFileType = image.png; path = "Comment@2x.png"; sourceTree = "<group>"; };
		954672F32284FC4E00E6C113 /* share.png */ = {isa = PBXFileReference; lastKnownFileType = image.png; path = share.png; sourceTree = "<group>"; };
		9547955D2289F8E70083DC20 /* Comment.swift */ = {isa = PBXFileReference; lastKnownFileType = sourcecode.swift; path = Comment.swift; sourceTree = "<group>"; };
		955B4A6A22CC304A00E8A158 /* Icon_Mute@2x.png */ = {isa = PBXFileReference; lastKnownFileType = image.png; path = "Icon_Mute@2x.png"; sourceTree = "<group>"; };
		955B4A6B22CC304A00E8A158 /* Icon_Mute@3x.png */ = {isa = PBXFileReference; lastKnownFileType = image.png; path = "Icon_Mute@3x.png"; sourceTree = "<group>"; };
		955B4A6C22CC304A00E8A158 /* Icon_Mute.png */ = {isa = PBXFileReference; lastKnownFileType = image.png; path = Icon_Mute.png; sourceTree = "<group>"; };
		955B4A7022CC305400E8A158 /* Icon_Volume@3x.png */ = {isa = PBXFileReference; lastKnownFileType = image.png; path = "Icon_Volume@3x.png"; sourceTree = "<group>"; };
		955B4A7122CC305500E8A158 /* Icon_Volume@2x.png */ = {isa = PBXFileReference; lastKnownFileType = image.png; path = "Icon_Volume@2x.png"; sourceTree = "<group>"; };
		955B4A7222CC305500E8A158 /* Icon_Volume.png */ = {isa = PBXFileReference; lastKnownFileType = image.png; path = Icon_Volume.png; sourceTree = "<group>"; };
		955B4A7622CE88C700E8A158 /* ProfileTableViewController.swift */ = {isa = PBXFileReference; lastKnownFileType = sourcecode.swift; path = ProfileTableViewController.swift; sourceTree = "<group>"; };
		955EADA722B57AE2006789E1 /* StorageReference.swift */ = {isa = PBXFileReference; lastKnownFileType = sourcecode.swift; path = StorageReference.swift; sourceTree = "<group>"; };
		956079382295D78B00CE75D7 /* likeSelected@3x.png */ = {isa = PBXFileReference; lastKnownFileType = image.png; path = "likeSelected@3x.png"; sourceTree = "<group>"; };
		956079392295D78B00CE75D7 /* likeSelected.png */ = {isa = PBXFileReference; lastKnownFileType = image.png; path = likeSelected.png; sourceTree = "<group>"; };
		9560793A2295D78B00CE75D7 /* likeSelected@2x.png */ = {isa = PBXFileReference; lastKnownFileType = image.png; path = "likeSelected@2x.png"; sourceTree = "<group>"; };
		95671A72229F22ED005A3B4F /* Config.swift */ = {isa = PBXFileReference; lastKnownFileType = sourcecode.swift; path = Config.swift; sourceTree = "<group>"; };
		95671A74229F48A7005A3B4F /* HelperSevice.swift */ = {isa = PBXFileReference; lastKnownFileType = sourcecode.swift; path = HelperSevice.swift; sourceTree = "<group>"; };
		956E9DFF22D14B2200A6F0E8 /* FilterViewController.swift */ = {isa = PBXFileReference; lastKnownFileType = sourcecode.swift; path = FilterViewController.swift; sourceTree = "<group>"; };
		956E9E0122D16B8300A6F0E8 /* FilterCollectionViewCell.swift */ = {isa = PBXFileReference; lastKnownFileType = sourcecode.swift; path = FilterCollectionViewCell.swift; sourceTree = "<group>"; };
		956E9E0322D67E0B00A6F0E8 /* TestViewController.swift */ = {isa = PBXFileReference; lastKnownFileType = sourcecode.swift; path = TestViewController.swift; sourceTree = "<group>"; };
		956E9E0522D67F9800A6F0E8 /* TestCollectionViewCell.swift */ = {isa = PBXFileReference; lastKnownFileType = sourcecode.swift; path = TestCollectionViewCell.swift; sourceTree = "<group>"; };
		956E9E0722D7B5C000A6F0E8 /* HashTagApi.swift */ = {isa = PBXFileReference; lastKnownFileType = sourcecode.swift; path = HashTagApi.swift; sourceTree = "<group>"; };
		95895CF92278CDDA009371DC /* refactored.storyboard */ = {isa = PBXFileReference; fileEncoding = 4; lastKnownFileType = file.storyboard; path = refactored.storyboard; sourceTree = "<group>"; };
		95895CFD2278ED49009371DC /* GoogleService-Info.plist */ = {isa = PBXFileReference; fileEncoding = 4; lastKnownFileType = text.plist.xml; path = "GoogleService-Info.plist"; sourceTree = "<group>"; };
		95959CCE22A9CD4F00A8E04C /* FeedApi.swift */ = {isa = PBXFileReference; lastKnownFileType = sourcecode.swift; path = FeedApi.swift; sourceTree = "<group>"; };
		959D17F2228507EE00824F9B /* HomeUITableViewCell.swift */ = {isa = PBXFileReference; lastKnownFileType = sourcecode.swift; path = HomeUITableViewCell.swift; sourceTree = "<group>"; };
		959D17F42285F99000824F9B /* Placeholder-image.png */ = {isa = PBXFileReference; lastKnownFileType = image.png; path = "Placeholder-image.png"; sourceTree = "<group>"; };
		95AC7B7822862DDC00EF0956 /* UserModel.swift */ = {isa = PBXFileReference; lastKnownFileType = sourcecode.swift; path = UserModel.swift; sourceTree = "<group>"; };
		95AF085A229DBAAD00C5210B /* AuthService.swift */ = {isa = PBXFileReference; lastKnownFileType = sourcecode.swift; path = AuthService.swift; sourceTree = "<group>"; };
		95B5045722AEE4BD00392961 /* ProfileUserViewController.swift */ = {isa = PBXFileReference; lastKnownFileType = sourcecode.swift; path = ProfileUserViewController.swift; sourceTree = "<group>"; };
		95B888AE22921F2800007B30 /* UserApi.swift */ = {isa = PBXFileReference; lastKnownFileType = sourcecode.swift; path = UserApi.swift; sourceTree = "<group>"; };
		95B888B022933EF900007B30 /* Api.swift */ = {isa = PBXFileReference; lastKnownFileType = sourcecode.swift; path = Api.swift; sourceTree = "<group>"; };
		95B888B2229340AB00007B30 /* CommentApi.swift */ = {isa = PBXFileReference; lastKnownFileType = sourcecode.swift; path = CommentApi.swift; sourceTree = "<group>"; };
		95B888B42293595400007B30 /* Post_CommentApi.swift */ = {isa = PBXFileReference; lastKnownFileType = sourcecode.swift; path = Post_CommentApi.swift; sourceTree = "<group>"; };
		95C0C381227F621200CDE5F7 /* placeholder.png */ = {isa = PBXFileReference; lastKnownFileType = image.png; path = placeholder.png; sourceTree = "<group>"; };
		95C0C38622821B3C00CDE5F7 /* Post.swift */ = {isa = PBXFileReference; lastKnownFileType = sourcecode.swift; path = Post.swift; sourceTree = "<group>"; };
		95C0C38A2284714200CDE5F7 /* home.storyboard */ = {isa = PBXFileReference; fileEncoding = 4; lastKnownFileType = file.storyboard; path = home.storyboard; sourceTree = "<group>"; };
		95C0C38C2284722500CDE5F7 /* search.storyboard */ = {isa = PBXFileReference; fileEncoding = 4; lastKnownFileType = file.storyboard; path = search.storyboard; sourceTree = "<group>"; };
		95C0C38E2284728C00CDE5F7 /* camera.storyboard */ = {isa = PBXFileReference; fileEncoding = 4; lastKnownFileType = file.storyboard; path = camera.storyboard; sourceTree = "<group>"; };
		95C0C390228472C800CDE5F7 /* activity.storyboard */ = {isa = PBXFileReference; fileEncoding = 4; lastKnownFileType = file.storyboard; path = activity.storyboard; sourceTree = "<group>"; };
		95C0C3922284730800CDE5F7 /* profile.storyboard */ = {isa = PBXFileReference; fileEncoding = 4; lastKnownFileType = file.storyboard; path = profile.storyboard; sourceTree = "<group>"; };
		95C0C39422847E6F00CDE5F7 /* placeholderImg.jpeg */ = {isa = PBXFileReference; lastKnownFileType = image.jpeg; path = placeholderImg.jpeg; sourceTree = "<group>"; };
		95C0C3982284830200CDE5F7 /* ProgressHud */ = {isa = PBXFileReference; lastKnownFileType = folder; path = ProgressHud; sourceTree = "<group>"; };
		95C0C3C72284B03600CDE5F7 /* photo1.jpeg */ = {isa = PBXFileReference; lastKnownFileType = image.jpeg; path = photo1.jpeg; sourceTree = "<group>"; };
		95C0C3C92284B0EC00CDE5F7 /* photo2.jpeg */ = {isa = PBXFileReference; lastKnownFileType = image.jpeg; path = photo2.jpeg; sourceTree = "<group>"; };
		95C5D553227792C10046BBA5 /* instagramCloneSwift.app */ = {isa = PBXFileReference; explicitFileType = wrapper.application; includeInIndex = 0; path = instagramCloneSwift.app; sourceTree = BUILT_PRODUCTS_DIR; };
		95C5D556227792C10046BBA5 /* AppDelegate.swift */ = {isa = PBXFileReference; lastKnownFileType = sourcecode.swift; path = AppDelegate.swift; sourceTree = "<group>"; };
		95C5D55B227792C10046BBA5 /* Base */ = {isa = PBXFileReference; lastKnownFileType = file.storyboard; name = Base; path = Base.lproj/Main.storyboard; sourceTree = "<group>"; };
		95C5D560227792C20046BBA5 /* Base */ = {isa = PBXFileReference; lastKnownFileType = file.storyboard; name = Base; path = Base.lproj/LaunchScreen.storyboard; sourceTree = "<group>"; };
		95C5D562227792C20046BBA5 /* Info.plist */ = {isa = PBXFileReference; lastKnownFileType = text.plist.xml; path = Info.plist; sourceTree = "<group>"; };
		95C5D568227793190046BBA5 /* LogInViewController.swift */ = {isa = PBXFileReference; lastKnownFileType = sourcecode.swift; path = LogInViewController.swift; sourceTree = "<group>"; };
		95C5D56A227793310046BBA5 /* SignUpViewController.swift */ = {isa = PBXFileReference; lastKnownFileType = sourcecode.swift; path = SignUpViewController.swift; sourceTree = "<group>"; };
		95C5D56C2277A0F60046BBA5 /* InstagramLogo.svg */ = {isa = PBXFileReference; fileEncoding = 4; lastKnownFileType = text.xml; path = InstagramLogo.svg; sourceTree = "<group>"; };
		95C5D56E2277A7130046BBA5 /* HomeViewController.swift */ = {isa = PBXFileReference; lastKnownFileType = sourcecode.swift; path = HomeViewController.swift; sourceTree = "<group>"; };
		95C5D5702277A74C0046BBA5 /* DiscoverViewController.swift */ = {isa = PBXFileReference; lastKnownFileType = sourcecode.swift; path = DiscoverViewController.swift; sourceTree = "<group>"; };
		95C5D5722277A77E0046BBA5 /* CameraViewController.swift */ = {isa = PBXFileReference; lastKnownFileType = sourcecode.swift; path = CameraViewController.swift; sourceTree = "<group>"; };
		95C5D5742277A7BC0046BBA5 /* ActivityViewController.swift */ = {isa = PBXFileReference; lastKnownFileType = sourcecode.swift; path = ActivityViewController.swift; sourceTree = "<group>"; };
		95C5D5762277A7FA0046BBA5 /* ProfileViewController.swift */ = {isa = PBXFileReference; lastKnownFileType = sourcecode.swift; path = ProfileViewController.swift; sourceTree = "<group>"; };
		95D0AC2B22A460E400A52AB2 /* followApi.swift */ = {isa = PBXFileReference; lastKnownFileType = sourcecode.swift; path = followApi.swift; sourceTree = "<group>"; };
		95F1159022E0EA0F00985167 /* ActivityTableViewCell.swift */ = {isa = PBXFileReference; lastKnownFileType = sourcecode.swift; path = ActivityTableViewCell.swift; sourceTree = "<group>"; };
		95F1159222E0F4A200985167 /* NotificationApi.swift */ = {isa = PBXFileReference; lastKnownFileType = sourcecode.swift; path = NotificationApi.swift; sourceTree = "<group>"; };
		95F1159522E0FE0D00985167 /* Notification.swift */ = {isa = PBXFileReference; lastKnownFileType = sourcecode.swift; path = Notification.swift; sourceTree = "<group>"; };
		95F76B4F2291D4BC002138D7 /* PostApi.swift */ = {isa = PBXFileReference; lastKnownFileType = sourcecode.swift; path = PostApi.swift; sourceTree = "<group>"; };
		95F826B3227A3CF800C651B6 /* defaultPerson.jpg */ = {isa = PBXFileReference; lastKnownFileType = image.jpeg; path = defaultPerson.jpg; sourceTree = "<group>"; };
		95F8A7982288B0CE00FEF30E /* commentViewController.swift */ = {isa = PBXFileReference; lastKnownFileType = sourcecode.swift; path = commentViewController.swift; sourceTree = "<group>"; };
		95F8A79A2288B10600FEF30E /* commentTableViewCell.swift */ = {isa = PBXFileReference; lastKnownFileType = sourcecode.swift; path = commentTableViewCell.swift; sourceTree = "<group>"; };
		C1B85D00EDFC1ED645D3EE2B /* Pods-instagramCloneSwift.debug.xcconfig */ = {isa = PBXFileReference; includeInIndex = 1; lastKnownFileType = text.xcconfig; name = "Pods-instagramCloneSwift.debug.xcconfig"; path = "Pods/Target Support Files/Pods-instagramCloneSwift/Pods-instagramCloneSwift.debug.xcconfig"; sourceTree = "<group>"; };
		F01CA7D289765595FAD1C9B2 /* Pods-instagramCloneSwift.release.xcconfig */ = {isa = PBXFileReference; includeInIndex = 1; lastKnownFileType = text.xcconfig; name = "Pods-instagramCloneSwift.release.xcconfig"; path = "Pods/Target Support Files/Pods-instagramCloneSwift/Pods-instagramCloneSwift.release.xcconfig"; sourceTree = "<group>"; };
/* End PBXFileReference section */

/* Begin PBXFrameworksBuildPhase section */
		95C5D550227792C10046BBA5 /* Frameworks */ = {
			isa = PBXFrameworksBuildPhase;
			buildActionMask = 2147483647;
			files = (
				61750E8DAEB7FB6250C5FDA6 /* Pods_instagramCloneSwift.framework in Frameworks */,
			);
			runOnlyForDeploymentPostprocessing = 0;
		};
/* End PBXFrameworksBuildPhase section */

/* Begin PBXGroup section */
		5C2566148EC7CEB34849F415 /* Frameworks */ = {
			isa = PBXGroup;
			children = (
				1CF1609ABF0CB9DD4966377B /* Pods_instagramCloneSwift.framework */,
			);
			name = Frameworks;
			sourceTree = "<group>";
		};
		95895CFB2278DF9E009371DC /* Storyboards */ = {
			isa = PBXGroup;
			children = (
				95C5D55F227792C20046BBA5 /* LaunchScreen.storyboard */,
				95C5D55A227792C10046BBA5 /* Main.storyboard */,
				95895CF92278CDDA009371DC /* refactored.storyboard */,
				95C0C38A2284714200CDE5F7 /* home.storyboard */,
				95C0C390228472C800CDE5F7 /* activity.storyboard */,
				95C0C38E2284728C00CDE5F7 /* camera.storyboard */,
				95C0C38C2284722500CDE5F7 /* search.storyboard */,
				95C0C3922284730800CDE5F7 /* profile.storyboard */,
			);
			path = Storyboards;
			sourceTree = "<group>";
		};
		95895CFC2278DFCF009371DC /* ViewContorllers */ = {
			isa = PBXGroup;
			children = (
				95C5D568227793190046BBA5 /* LogInViewController.swift */,
				95C5D56A227793310046BBA5 /* SignUpViewController.swift */,
				95C5D56E2277A7130046BBA5 /* HomeViewController.swift */,
				95C5D5742277A7BC0046BBA5 /* ActivityViewController.swift */,
				95C5D5722277A77E0046BBA5 /* CameraViewController.swift */,
				95F8A7982288B0CE00FEF30E /* commentViewController.swift */,
				95C5D5702277A74C0046BBA5 /* DiscoverViewController.swift */,
				9545295222AAF1A100C35AE7 /* SearchViewController.swift */,
				95C5D5762277A7FA0046BBA5 /* ProfileViewController.swift */,
				95B5045722AEE4BD00392961 /* ProfileUserViewController.swift */,
				9540CEBE22A31C6E005868A8 /* PeopleViewController.swift */,
				9515750422C185BD00B6E7D6 /* SettingUITableViewController.swift */,
				9515750622C555E200B6E7D6 /* DetailViewController.swift */,
				955B4A7622CE88C700E8A158 /* ProfileTableViewController.swift */,
				956E9DFF22D14B2200A6F0E8 /* FilterViewController.swift */,
				956E9E0322D67E0B00A6F0E8 /* TestViewController.swift */,
				9502194722DA565C00A12CAB /* HashTagViewController.swift */,
				9525C88222E78917009FC7AD /* FollowerViewController.swift */,
				9525C88622E79B45009FC7AD /* FollowingViewController.swift */,
			);
			path = ViewContorllers;
			sourceTree = "<group>";
		};
		95C0C384227F626F00CDE5F7 /* asset */ = {
			isa = PBXGroup;
			children = (
				9525C87D22E78070009FC7AD /* Search.png */,
				9525C87C22E7806F009FC7AD /* Search@2x.png */,
				9525C87E22E78070009FC7AD /* Search@3x.png */,
				9525C87822E78066009FC7AD /* Search_Selected.png */,
				9525C87722E78066009FC7AD /* Search_Selected@2x.png */,
				9525C87622E78066009FC7AD /* Search_Selected@3x.png */,
				9525C87222E7805C009FC7AD /* Photo.png */,
				9525C87022E7805B009FC7AD /* Photo@2x.png */,
				9525C87122E7805C009FC7AD /* Photo@3x.png */,
				9525C86A22E77F9D009FC7AD /* Activity.png */,
				9525C86C22E77F9D009FC7AD /* Activity@2x.png */,
				9525C86B22E77F9D009FC7AD /* Activity@3x.png */,
				9525C86422E77F63009FC7AD /* Profile.png */,
				9525C86522E77F64009FC7AD /* Profile@2x.png */,
				9525C86622E77F64009FC7AD /* Profile@3x.png */,
				9525C85F22E77AF1009FC7AD /* Home.png */,
				9525C85E22E77AF1009FC7AD /* Home@2x.png */,
				9525C86022E77AF1009FC7AD /* Home@3x.png */,
				955B4A7222CC305500E8A158 /* Icon_Volume.png */,
				955B4A7122CC305500E8A158 /* Icon_Volume@2x.png */,
				955B4A7022CC305400E8A158 /* Icon_Volume@3x.png */,
				955B4A6C22CC304A00E8A158 /* Icon_Mute.png */,
				955B4A6A22CC304A00E8A158 /* Icon_Mute@2x.png */,
				955B4A6B22CC304A00E8A158 /* Icon_Mute@3x.png */,
				9540CEB822A30968005868A8 /* discover.png */,
				9540CEB922A30968005868A8 /* discover@2x.png */,
				9540CEBA22A30969005868A8 /* discover@3x.png */,
				956079392295D78B00CE75D7 /* likeSelected.png */,
				9560793A2295D78B00CE75D7 /* likeSelected@2x.png */,
				956079382295D78B00CE75D7 /* likeSelected@3x.png */,
				954672EA2284FB2900E6C113 /* like.png */,
				954672EB2284FB2900E6C113 /* like@2x.png */,
				954672EC2284FB2A00E6C113 /* like@3x.png */,
				95C0C3C92284B0EC00CDE5F7 /* photo2.jpeg */,
				95C0C3C72284B03600CDE5F7 /* photo1.jpeg */,
				954672F12284FC3F00E6C113 /* Comment.png */,
				954672F22284FC3F00E6C113 /* Comment@2x.png */,
				954672F02284FC3F00E6C113 /* Comment@3x.png */,
				954672F32284FC4E00E6C113 /* share.png */,
				95C0C3982284830200CDE5F7 /* ProgressHud */,
				95C0C39422847E6F00CDE5F7 /* placeholderImg.jpeg */,
				95C0C381227F621200CDE5F7 /* placeholder.png */,
				95F826B3227A3CF800C651B6 /* defaultPerson.jpg */,
				959D17F42285F99000824F9B /* Placeholder-image.png */,
				95C5D56C2277A0F60046BBA5 /* InstagramLogo.svg */,
			);
			path = asset;
			sourceTree = "<group>";
		};
		95C0C3C62284AD9E00CDE5F7 /* Views */ = {
			isa = PBXGroup;
			children = (
				959D17F2228507EE00824F9B /* HomeUITableViewCell.swift */,
				95F8A79A2288B10600FEF30E /* commentTableViewCell.swift */,
				9545A76F2299D3F300CA8FEB /* HeaderProfileCollectionReusableView.swift */,
				9545A773229C897E00CA8FEB /* PhotoCollectionViewCell.swift */,
				9540CEC022A31CDC005868A8 /* PeopleTableViewCell.swift */,
				95016BDE22B8158A0016CD82 /* PeopleTableViewCellFromProfile.swift */,
				9525C88422E79646009FC7AD /* PeopleTableViewCellForFollower.swift */,
				9525C88822E79DAB009FC7AD /* PeopleTableViewCellForFollowing.swift */,
				956E9E0122D16B8300A6F0E8 /* FilterCollectionViewCell.swift */,
				956E9E0522D67F9800A6F0E8 /* TestCollectionViewCell.swift */,
				9502194922DA741400A12CAB /* HashTagCollectionViewCell.swift */,
				95F1159022E0EA0F00985167 /* ActivityTableViewCell.swift */,
			);
			path = Views;
			sourceTree = "<group>";
		};
		95C5D54A227792C10046BBA5 = {
			isa = PBXGroup;
			children = (
				95C5D555227792C10046BBA5 /* instagramCloneSwift */,
				95C5D554227792C10046BBA5 /* Products */,
				C000F4A15CADA14B917F9659 /* Pods */,
				5C2566148EC7CEB34849F415 /* Frameworks */,
			);
			sourceTree = "<group>";
		};
		95C5D554227792C10046BBA5 /* Products */ = {
			isa = PBXGroup;
			children = (
				95C5D553227792C10046BBA5 /* instagramCloneSwift.app */,
			);
			name = Products;
			sourceTree = "<group>";
		};
		95C5D555227792C10046BBA5 /* instagramCloneSwift */ = {
			isa = PBXGroup;
			children = (
				95F1159422E0FDB400985167 /* Model */,
				95C0C384227F626F00CDE5F7 /* asset */,
				95C5D556227792C10046BBA5 /* AppDelegate.swift */,
				95F1159222E0F4A200985167 /* NotificationApi.swift */,
				95AF085A229DBAAD00C5210B /* AuthService.swift */,
				95895CFD2278ED49009371DC /* GoogleService-Info.plist */,
				95C5D562227792C20046BBA5 /* Info.plist */,
				95F76B4F2291D4BC002138D7 /* PostApi.swift */,
				95B888AE22921F2800007B30 /* UserApi.swift */,
				95B888B2229340AB00007B30 /* CommentApi.swift */,
				95B888B42293595400007B30 /* Post_CommentApi.swift */,
				95B888B022933EF900007B30 /* Api.swift */,
				9545A771229C6CFF00CA8FEB /* MyPostsApi.swift */,
				95D0AC2B22A460E400A52AB2 /* followApi.swift */,
				95671A72229F22ED005A3B4F /* Config.swift */,
				95671A74229F48A7005A3B4F /* HelperSevice.swift */,
				95959CCE22A9CD4F00A8E04C /* FeedApi.swift */,
				955EADA722B57AE2006789E1 /* StorageReference.swift */,
				956E9E0722D7B5C000A6F0E8 /* HashTagApi.swift */,
				95895CFB2278DF9E009371DC /* Storyboards */,
				95895CFC2278DFCF009371DC /* ViewContorllers */,
				95C0C3C62284AD9E00CDE5F7 /* Views */,
			);
			path = instagramCloneSwift;
			sourceTree = "<group>";
		};
		95F1159422E0FDB400985167 /* Model */ = {
			isa = PBXGroup;
			children = (
				95C0C38622821B3C00CDE5F7 /* Post.swift */,
				95AC7B7822862DDC00EF0956 /* UserModel.swift */,
				9547955D2289F8E70083DC20 /* Comment.swift */,
				95F1159522E0FE0D00985167 /* Notification.swift */,
			);
			path = Model;
			sourceTree = "<group>";
		};
		C000F4A15CADA14B917F9659 /* Pods */ = {
			isa = PBXGroup;
			children = (
				C1B85D00EDFC1ED645D3EE2B /* Pods-instagramCloneSwift.debug.xcconfig */,
				F01CA7D289765595FAD1C9B2 /* Pods-instagramCloneSwift.release.xcconfig */,
			);
			name = Pods;
			sourceTree = "<group>";
		};
/* End PBXGroup section */

/* Begin PBXNativeTarget section */
		95C5D552227792C10046BBA5 /* instagramCloneSwift */ = {
			isa = PBXNativeTarget;
			buildConfigurationList = 95C5D565227792C20046BBA5 /* Build configuration list for PBXNativeTarget "instagramCloneSwift" */;
			buildPhases = (
				51301B20FF02D23F611B6FE0 /* [CP] Check Pods Manifest.lock */,
				95C5D54F227792C10046BBA5 /* Sources */,
				95C5D550227792C10046BBA5 /* Frameworks */,
				95C5D551227792C10046BBA5 /* Resources */,
				986B104415216F0C74453276 /* [CP] Embed Pods Frameworks */,
			);
			buildRules = (
			);
			dependencies = (
			);
			name = instagramCloneSwift;
			productName = instagramCloneSwift;
			productReference = 95C5D553227792C10046BBA5 /* instagramCloneSwift.app */;
			productType = "com.apple.product-type.application";
		};
/* End PBXNativeTarget section */

/* Begin PBXProject section */
		95C5D54B227792C10046BBA5 /* Project object */ = {
			isa = PBXProject;
			attributes = {
				LastSwiftUpdateCheck = 1020;
				LastUpgradeCheck = 1020;
				ORGANIZATIONNAME = Apex;
				TargetAttributes = {
					95C5D552227792C10046BBA5 = {
						CreatedOnToolsVersion = 10.2.1;
					};
				};
			};
			buildConfigurationList = 95C5D54E227792C10046BBA5 /* Build configuration list for PBXProject "instagramCloneSwift" */;
			compatibilityVersion = "Xcode 9.3";
			developmentRegion = en;
			hasScannedForEncodings = 0;
			knownRegions = (
				en,
				Base,
			);
			mainGroup = 95C5D54A227792C10046BBA5;
			productRefGroup = 95C5D554227792C10046BBA5 /* Products */;
			projectDirPath = "";
			projectRoot = "";
			targets = (
				95C5D552227792C10046BBA5 /* instagramCloneSwift */,
			);
		};
/* End PBXProject section */

/* Begin PBXResourcesBuildPhase section */
		95C5D551227792C10046BBA5 /* Resources */ = {
			isa = PBXResourcesBuildPhase;
			buildActionMask = 2147483647;
			files = (
				954672ED2284FB8200E6C113 /* like.png in Resources */,
				95C0C382227F621300CDE5F7 /* placeholder.png in Resources */,
				9525C87922E78066009FC7AD /* Search_Selected@3x.png in Resources */,
				9525C88122E78070009FC7AD /* Search@3x.png in Resources */,
				95C0C3AF2284830600CDE5F7 /* ProgressHud in Resources */,
				955B4A6F22CC304A00E8A158 /* Icon_Mute.png in Resources */,
				9525C86822E77F64009FC7AD /* Profile@2x.png in Resources */,
				95F826B4227A3CF800C651B6 /* defaultPerson.jpg in Resources */,
				95C0C38D2284722500CDE5F7 /* search.storyboard in Resources */,
				9560793C2295D78C00CE75D7 /* likeSelected.png in Resources */,
				95C5D561227792C20046BBA5 /* LaunchScreen.storyboard in Resources */,
				95C0C3C82284B03600CDE5F7 /* photo1.jpeg in Resources */,
				9525C87F22E78070009FC7AD /* Search@2x.png in Resources */,
				9525C87422E7805C009FC7AD /* Photo@3x.png in Resources */,
				9525C87522E7805C009FC7AD /* Photo.png in Resources */,
				9560793B2295D78C00CE75D7 /* likeSelected@3x.png in Resources */,
				955B4A6E22CC304A00E8A158 /* Icon_Mute@3x.png in Resources */,
				954672F62284FC5200E6C113 /* Comment@3x.png in Resources */,
				954672EF2284FC3800E6C113 /* like@3x.png in Resources */,
				95C0C391228472C800CDE5F7 /* activity.storyboard in Resources */,
				9540CEBB22A30969005868A8 /* discover.png in Resources */,
				954672F72284FC5200E6C113 /* share.png in Resources */,
				955B4A7522CC305500E8A158 /* Icon_Volume.png in Resources */,
				9525C86D22E77F9D009FC7AD /* Activity.png in Resources */,
				9525C86122E77AF1009FC7AD /* Home@2x.png in Resources */,
				955B4A7322CC305500E8A158 /* Icon_Volume@3x.png in Resources */,
				9525C86922E77F64009FC7AD /* Profile@3x.png in Resources */,
				954672F52284FC5200E6C113 /* Comment@2x.png in Resources */,
				95C5D56D2277A0F60046BBA5 /* InstagramLogo.svg in Resources */,
				95C0C3932284730800CDE5F7 /* profile.storyboard in Resources */,
				95C5D55C227792C10046BBA5 /* Main.storyboard in Resources */,
				955B4A7422CC305500E8A158 /* Icon_Volume@2x.png in Resources */,
				95895CFA2278CDDA009371DC /* refactored.storyboard in Resources */,
				9540CEBD22A30969005868A8 /* discover@3x.png in Resources */,
				9540CEBC22A30969005868A8 /* discover@2x.png in Resources */,
				95C0C3CA2284B0EC00CDE5F7 /* photo2.jpeg in Resources */,
				9525C86E22E77F9D009FC7AD /* Activity@3x.png in Resources */,
				9525C86722E77F64009FC7AD /* Profile.png in Resources */,
				95895CFE2278ED49009371DC /* GoogleService-Info.plist in Resources */,
				9525C86222E77AF1009FC7AD /* Home.png in Resources */,
				9525C87B22E78066009FC7AD /* Search_Selected.png in Resources */,
				95C0C39522847E6F00CDE5F7 /* placeholderImg.jpeg in Resources */,
				954672EE2284FC3800E6C113 /* like@2x.png in Resources */,
				9525C87322E7805C009FC7AD /* Photo@2x.png in Resources */,
				954672F42284FC5200E6C113 /* Comment.png in Resources */,
				955B4A6D22CC304A00E8A158 /* Icon_Mute@2x.png in Resources */,
				95C0C38B2284714200CDE5F7 /* home.storyboard in Resources */,
				9560793D2295D78C00CE75D7 /* likeSelected@2x.png in Resources */,
				9525C88022E78070009FC7AD /* Search.png in Resources */,
				9525C86F22E77F9D009FC7AD /* Activity@2x.png in Resources */,
				9525C86322E77AF1009FC7AD /* Home@3x.png in Resources */,
				9525C87A22E78066009FC7AD /* Search_Selected@2x.png in Resources */,
				95C0C38F2284728C00CDE5F7 /* camera.storyboard in Resources */,
			);
			runOnlyForDeploymentPostprocessing = 0;
		};
/* End PBXResourcesBuildPhase section */

/* Begin PBXShellScriptBuildPhase section */
		51301B20FF02D23F611B6FE0 /* [CP] Check Pods Manifest.lock */ = {
			isa = PBXShellScriptBuildPhase;
			buildActionMask = 2147483647;
			files = (
			);
			inputFileListPaths = (
			);
			inputPaths = (
				"${PODS_PODFILE_DIR_PATH}/Podfile.lock",
				"${PODS_ROOT}/Manifest.lock",
			);
			name = "[CP] Check Pods Manifest.lock";
			outputFileListPaths = (
			);
			outputPaths = (
				"$(DERIVED_FILE_DIR)/Pods-instagramCloneSwift-checkManifestLockResult.txt",
			);
			runOnlyForDeploymentPostprocessing = 0;
			shellPath = /bin/sh;
			shellScript = "diff \"${PODS_PODFILE_DIR_PATH}/Podfile.lock\" \"${PODS_ROOT}/Manifest.lock\" > /dev/null\nif [ $? != 0 ] ; then\n    # print error to STDERR\n    echo \"error: The sandbox is not in sync with the Podfile.lock. Run 'pod install' or update your CocoaPods installation.\" >&2\n    exit 1\nfi\n# This output is used by Xcode 'outputs' to avoid re-running this script phase.\necho \"SUCCESS\" > \"${SCRIPT_OUTPUT_FILE_0}\"\n";
			showEnvVarsInLog = 0;
		};
		986B104415216F0C74453276 /* [CP] Embed Pods Frameworks */ = {
			isa = PBXShellScriptBuildPhase;
			buildActionMask = 2147483647;
			files = (
			);
			inputFileListPaths = (
				"${PODS_ROOT}/Target Support Files/Pods-instagramCloneSwift/Pods-instagramCloneSwift-frameworks-${CONFIGURATION}-input-files.xcfilelist",
			);
			name = "[CP] Embed Pods Frameworks";
			outputFileListPaths = (
				"${PODS_ROOT}/Target Support Files/Pods-instagramCloneSwift/Pods-instagramCloneSwift-frameworks-${CONFIGURATION}-output-files.xcfilelist",
			);
			runOnlyForDeploymentPostprocessing = 0;
			shellPath = /bin/sh;
			shellScript = "\"${PODS_ROOT}/Target Support Files/Pods-instagramCloneSwift/Pods-instagramCloneSwift-frameworks.sh\"\n";
			showEnvVarsInLog = 0;
		};
/* End PBXShellScriptBuildPhase section */

/* Begin PBXSourcesBuildPhase section */
		95C5D54F227792C10046BBA5 /* Sources */ = {
			isa = PBXSourcesBuildPhase;
			buildActionMask = 2147483647;
			files = (
				9545295322AAF1A100C35AE7 /* SearchViewController.swift in Sources */,
				9545A7702299D3F300CA8FEB /* HeaderProfileCollectionReusableView.swift in Sources */,
				95AF085B229DBAAD00C5210B /* AuthService.swift in Sources */,
				9540CEC122A31CDC005868A8 /* PeopleTableViewCell.swift in Sources */,
				95C5D56B227793310046BBA5 /* SignUpViewController.swift in Sources */,
				95B888AF22921F2800007B30 /* UserApi.swift in Sources */,
				95C5D569227793190046BBA5 /* LogInViewController.swift in Sources */,
				95671A73229F22ED005A3B4F /* Config.swift in Sources */,
				95959CCF22A9CD4F00A8E04C /* FeedApi.swift in Sources */,
				95F8A79B2288B10600FEF30E /* commentTableViewCell.swift in Sources */,
				9547955E2289F8E70083DC20 /* Comment.swift in Sources */,
				95671A75229F48A7005A3B4F /* HelperSevice.swift in Sources */,
				95B888B52293595400007B30 /* Post_CommentApi.swift in Sources */,
				95D0AC2C22A460E400A52AB2 /* followApi.swift in Sources */,
				9525C88922E79DAB009FC7AD /* PeopleTableViewCellForFollowing.swift in Sources */,
				95B888B122933EF900007B30 /* Api.swift in Sources */,
				95B888B3229340AB00007B30 /* CommentApi.swift in Sources */,
				9502194A22DA741400A12CAB /* HashTagCollectionViewCell.swift in Sources */,
				956E9E0822D7B5C000A6F0E8 /* HashTagApi.swift in Sources */,
				95F1159322E0F4A200985167 /* NotificationApi.swift in Sources */,
				956E9E0022D14B2200A6F0E8 /* FilterViewController.swift in Sources */,
				9545A774229C897E00CA8FEB /* PhotoCollectionViewCell.swift in Sources */,
				9545A772229C6CFF00CA8FEB /* MyPostsApi.swift in Sources */,
				955B4A7722CE88C700E8A158 /* ProfileTableViewController.swift in Sources */,
				9525C88322E78917009FC7AD /* FollowerViewController.swift in Sources */,
				959D17F3228507EE00824F9B /* HomeUITableViewCell.swift in Sources */,
				95C5D557227792C10046BBA5 /* AppDelegate.swift in Sources */,
				956E9E0222D16B8300A6F0E8 /* FilterCollectionViewCell.swift in Sources */,
				95F1159622E0FE0D00985167 /* Notification.swift in Sources */,
				95016BDF22B8158A0016CD82 /* PeopleTableViewCellFromProfile.swift in Sources */,
				95F1159122E0EA0F00985167 /* ActivityTableViewCell.swift in Sources */,
				95F8A7992288B0CE00FEF30E /* commentViewController.swift in Sources */,
				955EADA822B57AE2006789E1 /* StorageReference.swift in Sources */,
				95C5D56F2277A7130046BBA5 /* HomeViewController.swift in Sources */,
				95C5D5752277A7BC0046BBA5 /* ActivityViewController.swift in Sources */,
				9540CEBF22A31C6E005868A8 /* PeopleViewController.swift in Sources */,
				9515750522C185BD00B6E7D6 /* SettingUITableViewController.swift in Sources */,
				956E9E0622D67F9800A6F0E8 /* TestCollectionViewCell.swift in Sources */,
				9515750722C555E200B6E7D6 /* DetailViewController.swift in Sources */,
				956E9E0422D67E0B00A6F0E8 /* TestViewController.swift in Sources */,
				95B5045822AEE4BD00392961 /* ProfileUserViewController.swift in Sources */,
				95C5D5712277A74C0046BBA5 /* DiscoverViewController.swift in Sources */,
				95C5D5772277A7FA0046BBA5 /* ProfileViewController.swift in Sources */,
				95F76B502291D4BC002138D7 /* PostApi.swift in Sources */,
				9525C88522E79646009FC7AD /* PeopleTableViewCellForFollower.swift in Sources */,
				95C0C38722821B3C00CDE5F7 /* Post.swift in Sources */,
				9502194822DA565C00A12CAB /* HashTagViewController.swift in Sources */,
				9525C88722E79B45009FC7AD /* FollowingViewController.swift in Sources */,
				95C5D5732277A77E0046BBA5 /* CameraViewController.swift in Sources */,
				95AC7B7922862DDC00EF0956 /* UserModel.swift in Sources */,
			);
			runOnlyForDeploymentPostprocessing = 0;
		};
/* End PBXSourcesBuildPhase section */

/* Begin PBXVariantGroup section */
		95C5D55A227792C10046BBA5 /* Main.storyboard */ = {
			isa = PBXVariantGroup;
			children = (
				95C5D55B227792C10046BBA5 /* Base */,
			);
			name = Main.storyboard;
			sourceTree = "<group>";
		};
		95C5D55F227792C20046BBA5 /* LaunchScreen.storyboard */ = {
			isa = PBXVariantGroup;
			children = (
				95C5D560227792C20046BBA5 /* Base */,
			);
			name = LaunchScreen.storyboard;
			sourceTree = "<group>";
		};
/* End PBXVariantGroup section */

/* Begin XCBuildConfiguration section */
		95C5D563227792C20046BBA5 /* Debug */ = {
			isa = XCBuildConfiguration;
			buildSettings = {
				ALWAYS_SEARCH_USER_PATHS = NO;
				CLANG_ANALYZER_NONNULL = YES;
				CLANG_ANALYZER_NUMBER_OBJECT_CONVERSION = YES_AGGRESSIVE;
				CLANG_CXX_LANGUAGE_STANDARD = "gnu++14";
				CLANG_CXX_LIBRARY = "libc++";
				CLANG_ENABLE_MODULES = YES;
				CLANG_ENABLE_OBJC_ARC = YES;
				CLANG_ENABLE_OBJC_WEAK = YES;
				CLANG_WARN_BLOCK_CAPTURE_AUTORELEASING = YES;
				CLANG_WARN_BOOL_CONVERSION = YES;
				CLANG_WARN_COMMA = YES;
				CLANG_WARN_CONSTANT_CONVERSION = YES;
				CLANG_WARN_DEPRECATED_OBJC_IMPLEMENTATIONS = YES;
				CLANG_WARN_DIRECT_OBJC_ISA_USAGE = YES_ERROR;
				CLANG_WARN_DOCUMENTATION_COMMENTS = YES;
				CLANG_WARN_EMPTY_BODY = YES;
				CLANG_WARN_ENUM_CONVERSION = YES;
				CLANG_WARN_INFINITE_RECURSION = YES;
				CLANG_WARN_INT_CONVERSION = YES;
				CLANG_WARN_NON_LITERAL_NULL_CONVERSION = YES;
				CLANG_WARN_OBJC_IMPLICIT_RETAIN_SELF = YES;
				CLANG_WARN_OBJC_LITERAL_CONVERSION = YES;
				CLANG_WARN_OBJC_ROOT_CLASS = YES_ERROR;
				CLANG_WARN_RANGE_LOOP_ANALYSIS = YES;
				CLANG_WARN_STRICT_PROTOTYPES = YES;
				CLANG_WARN_SUSPICIOUS_MOVE = YES;
				CLANG_WARN_UNGUARDED_AVAILABILITY = YES_AGGRESSIVE;
				CLANG_WARN_UNREACHABLE_CODE = YES;
				CLANG_WARN__DUPLICATE_METHOD_MATCH = YES;
				CODE_SIGN_IDENTITY = "iPhone Developer";
				COPY_PHASE_STRIP = NO;
				DEBUG_INFORMATION_FORMAT = dwarf;
				ENABLE_STRICT_OBJC_MSGSEND = YES;
				ENABLE_TESTABILITY = YES;
				GCC_C_LANGUAGE_STANDARD = gnu11;
				GCC_DYNAMIC_NO_PIC = NO;
				GCC_NO_COMMON_BLOCKS = YES;
				GCC_OPTIMIZATION_LEVEL = 0;
				GCC_PREPROCESSOR_DEFINITIONS = (
					"DEBUG=1",
					"$(inherited)",
				);
				GCC_WARN_64_TO_32_BIT_CONVERSION = YES;
				GCC_WARN_ABOUT_RETURN_TYPE = YES_ERROR;
				GCC_WARN_UNDECLARED_SELECTOR = YES;
				GCC_WARN_UNINITIALIZED_AUTOS = YES_AGGRESSIVE;
				GCC_WARN_UNUSED_FUNCTION = YES;
				GCC_WARN_UNUSED_VARIABLE = YES;
				IPHONEOS_DEPLOYMENT_TARGET = 12.2;
				MTL_ENABLE_DEBUG_INFO = INCLUDE_SOURCE;
				MTL_FAST_MATH = YES;
				ONLY_ACTIVE_ARCH = YES;
				SDKROOT = iphoneos;
				SWIFT_ACTIVE_COMPILATION_CONDITIONS = DEBUG;
				SWIFT_OPTIMIZATION_LEVEL = "-Onone";
			};
			name = Debug;
		};
		95C5D564227792C20046BBA5 /* Release */ = {
			isa = XCBuildConfiguration;
			buildSettings = {
				ALWAYS_SEARCH_USER_PATHS = NO;
				CLANG_ANALYZER_NONNULL = YES;
				CLANG_ANALYZER_NUMBER_OBJECT_CONVERSION = YES_AGGRESSIVE;
				CLANG_CXX_LANGUAGE_STANDARD = "gnu++14";
				CLANG_CXX_LIBRARY = "libc++";
				CLANG_ENABLE_MODULES = YES;
				CLANG_ENABLE_OBJC_ARC = YES;
				CLANG_ENABLE_OBJC_WEAK = YES;
				CLANG_WARN_BLOCK_CAPTURE_AUTORELEASING = YES;
				CLANG_WARN_BOOL_CONVERSION = YES;
				CLANG_WARN_COMMA = YES;
				CLANG_WARN_CONSTANT_CONVERSION = YES;
				CLANG_WARN_DEPRECATED_OBJC_IMPLEMENTATIONS = YES;
				CLANG_WARN_DIRECT_OBJC_ISA_USAGE = YES_ERROR;
				CLANG_WARN_DOCUMENTATION_COMMENTS = YES;
				CLANG_WARN_EMPTY_BODY = YES;
				CLANG_WARN_ENUM_CONVERSION = YES;
				CLANG_WARN_INFINITE_RECURSION = YES;
				CLANG_WARN_INT_CONVERSION = YES;
				CLANG_WARN_NON_LITERAL_NULL_CONVERSION = YES;
				CLANG_WARN_OBJC_IMPLICIT_RETAIN_SELF = YES;
				CLANG_WARN_OBJC_LITERAL_CONVERSION = YES;
				CLANG_WARN_OBJC_ROOT_CLASS = YES_ERROR;
				CLANG_WARN_RANGE_LOOP_ANALYSIS = YES;
				CLANG_WARN_STRICT_PROTOTYPES = YES;
				CLANG_WARN_SUSPICIOUS_MOVE = YES;
				CLANG_WARN_UNGUARDED_AVAILABILITY = YES_AGGRESSIVE;
				CLANG_WARN_UNREACHABLE_CODE = YES;
				CLANG_WARN__DUPLICATE_METHOD_MATCH = YES;
				CODE_SIGN_IDENTITY = "iPhone Developer";
				COPY_PHASE_STRIP = NO;
				DEBUG_INFORMATION_FORMAT = "dwarf-with-dsym";
				ENABLE_NS_ASSERTIONS = NO;
				ENABLE_STRICT_OBJC_MSGSEND = YES;
				GCC_C_LANGUAGE_STANDARD = gnu11;
				GCC_NO_COMMON_BLOCKS = YES;
				GCC_WARN_64_TO_32_BIT_CONVERSION = YES;
				GCC_WARN_ABOUT_RETURN_TYPE = YES_ERROR;
				GCC_WARN_UNDECLARED_SELECTOR = YES;
				GCC_WARN_UNINITIALIZED_AUTOS = YES_AGGRESSIVE;
				GCC_WARN_UNUSED_FUNCTION = YES;
				GCC_WARN_UNUSED_VARIABLE = YES;
				IPHONEOS_DEPLOYMENT_TARGET = 12.2;
				MTL_ENABLE_DEBUG_INFO = NO;
				MTL_FAST_MATH = YES;
				SDKROOT = iphoneos;
				SWIFT_COMPILATION_MODE = wholemodule;
				SWIFT_OPTIMIZATION_LEVEL = "-O";
				VALIDATE_PRODUCT = YES;
			};
			name = Release;
		};
		95C5D566227792C20046BBA5 /* Debug */ = {
			isa = XCBuildConfiguration;
			baseConfigurationReference = C1B85D00EDFC1ED645D3EE2B /* Pods-instagramCloneSwift.debug.xcconfig */;
			buildSettings = {
				ASSETCATALOG_COMPILER_APPICON_NAME = AppIcon;
				CODE_SIGN_STYLE = Automatic;
				DEVELOPMENT_TEAM = TJ33F62Z7G;
				INFOPLIST_FILE = instagramCloneSwift/Info.plist;
				LD_RUNPATH_SEARCH_PATHS = (
					"$(inherited)",
					"@executable_path/Frameworks",
				);
				PRODUCT_BUNDLE_IDENTIFIER = jonghyun.instagramCloneSwift;
				PRODUCT_NAME = "$(TARGET_NAME)";
				SWIFT_VERSION = 5.0;
				TARGETED_DEVICE_FAMILY = "1,2";
			};
			name = Debug;
		};
		95C5D567227792C20046BBA5 /* Release */ = {
			isa = XCBuildConfiguration;
			baseConfigurationReference = F01CA7D289765595FAD1C9B2 /* Pods-instagramCloneSwift.release.xcconfig */;
			buildSettings = {
				ASSETCATALOG_COMPILER_APPICON_NAME = AppIcon;
				CODE_SIGN_STYLE = Automatic;
				DEVELOPMENT_TEAM = TJ33F62Z7G;
				INFOPLIST_FILE = instagramCloneSwift/Info.plist;
				LD_RUNPATH_SEARCH_PATHS = (
					"$(inherited)",
					"@executable_path/Frameworks",
				);
				PRODUCT_BUNDLE_IDENTIFIER = jonghyun.instagramCloneSwift;
				PRODUCT_NAME = "$(TARGET_NAME)";
				SWIFT_VERSION = 5.0;
				TARGETED_DEVICE_FAMILY = "1,2";
			};
			name = Release;
		};
/* End XCBuildConfiguration section */

/* Begin XCConfigurationList section */
		95C5D54E227792C10046BBA5 /* Build configuration list for PBXProject "instagramCloneSwift" */ = {
			isa = XCConfigurationList;
			buildConfigurations = (
				95C5D563227792C20046BBA5 /* Debug */,
				95C5D564227792C20046BBA5 /* Release */,
			);
			defaultConfigurationIsVisible = 0;
			defaultConfigurationName = Release;
		};
		95C5D565227792C20046BBA5 /* Build configuration list for PBXNativeTarget "instagramCloneSwift" */ = {
			isa = XCConfigurationList;
			buildConfigurations = (
				95C5D566227792C20046BBA5 /* Debug */,
				95C5D567227792C20046BBA5 /* Release */,
			);
			defaultConfigurationIsVisible = 0;
			defaultConfigurationName = Release;
		};
/* End XCConfigurationList section */
	};
	rootObject = 95C5D54B227792C10046BBA5 /* Project object */;
}
