// !$*UTF8*$!
{
	archiveVersion = 1;
	classes = {
	};
	objectVersion = 50;
	objects = {

/* Begin PBXBuildFile section */
		61750E8DAEB7FB6250C5FDA6 /* Pods_instagramCloneSwift.framework in Frameworks */ = {isa = PBXBuildFile; fileRef = 1CF1609ABF0CB9DD4966377B /* Pods_instagramCloneSwift.framework */; };
		95895CFA2278CDDA009371DC /* refactored.storyboard in Resources */ = {isa = PBXBuildFile; fileRef = 95895CF92278CDDA009371DC /* refactored.storyboard */; };
		95895CFE2278ED49009371DC /* GoogleService-Info.plist in Resources */ = {isa = PBXBuildFile; fileRef = 95895CFD2278ED49009371DC /* GoogleService-Info.plist */; };
		95C5D557227792C10046BBA5 /* AppDelegate.swift in Sources */ = {isa = PBXBuildFile; fileRef = 95C5D556227792C10046BBA5 /* AppDelegate.swift */; };
		95C5D55C227792C10046BBA5 /* Main.storyboard in Resources */ = {isa = PBXBuildFile; fileRef = 95C5D55A227792C10046BBA5 /* Main.storyboard */; };
		95C5D55E227792C20046BBA5 /* Assets.xcassets in Resources */ = {isa = PBXBuildFile; fileRef = 95C5D55D227792C20046BBA5 /* Assets.xcassets */; };
		95C5D561227792C20046BBA5 /* LaunchScreen.storyboard in Resources */ = {isa = PBXBuildFile; fileRef = 95C5D55F227792C20046BBA5 /* LaunchScreen.storyboard */; };
		95C5D569227793190046BBA5 /* LogInViewController.swift in Sources */ = {isa = PBXBuildFile; fileRef = 95C5D568227793190046BBA5 /* LogInViewController.swift */; };
		95C5D56B227793310046BBA5 /* SignUpViewController.swift in Sources */ = {isa = PBXBuildFile; fileRef = 95C5D56A227793310046BBA5 /* SignUpViewController.swift */; };
		95C5D56D2277A0F60046BBA5 /* InstagramLogo.svg in Resources */ = {isa = PBXBuildFile; fileRef = 95C5D56C2277A0F60046BBA5 /* InstagramLogo.svg */; };
		95C5D56F2277A7130046BBA5 /* HomeViewController.swift in Sources */ = {isa = PBXBuildFile; fileRef = 95C5D56E2277A7130046BBA5 /* HomeViewController.swift */; };
		95C5D5712277A74C0046BBA5 /* DiscoverViewController.swift in Sources */ = {isa = PBXBuildFile; fileRef = 95C5D5702277A74C0046BBA5 /* DiscoverViewController.swift */; };
		95C5D5732277A77E0046BBA5 /* CameraViewController.swift in Sources */ = {isa = PBXBuildFile; fileRef = 95C5D5722277A77E0046BBA5 /* CameraViewController.swift */; };
		95C5D5752277A7BC0046BBA5 /* ActivityViewController.swift in Sources */ = {isa = PBXBuildFile; fileRef = 95C5D5742277A7BC0046BBA5 /* ActivityViewController.swift */; };
		95C5D5772277A7FA0046BBA5 /* ProfileViewController.swift in Sources */ = {isa = PBXBuildFile; fileRef = 95C5D5762277A7FA0046BBA5 /* ProfileViewController.swift */; };
/* End PBXBuildFile section */

/* Begin PBXFileReference section */
		1CF1609ABF0CB9DD4966377B /* Pods_instagramCloneSwift.framework */ = {isa = PBXFileReference; explicitFileType = wrapper.framework; includeInIndex = 0; path = Pods_instagramCloneSwift.framework; sourceTree = BUILT_PRODUCTS_DIR; };
		95895CF92278CDDA009371DC /* refactored.storyboard */ = {isa = PBXFileReference; fileEncoding = 4; lastKnownFileType = file.storyboard; path = refactored.storyboard; sourceTree = "<group>"; };
		95895CFD2278ED49009371DC /* GoogleService-Info.plist */ = {isa = PBXFileReference; fileEncoding = 4; lastKnownFileType = text.plist.xml; path = "GoogleService-Info.plist"; sourceTree = "<group>"; };
		95C5D553227792C10046BBA5 /* instagramCloneSwift.app */ = {isa = PBXFileReference; explicitFileType = wrapper.application; includeInIndex = 0; path = instagramCloneSwift.app; sourceTree = BUILT_PRODUCTS_DIR; };
		95C5D556227792C10046BBA5 /* AppDelegate.swift */ = {isa = PBXFileReference; lastKnownFileType = sourcecode.swift; path = AppDelegate.swift; sourceTree = "<group>"; };
		95C5D55B227792C10046BBA5 /* Base */ = {isa = PBXFileReference; lastKnownFileType = file.storyboard; name = Base; path = Base.lproj/Main.storyboard; sourceTree = "<group>"; };
		95C5D55D227792C20046BBA5 /* Assets.xcassets */ = {isa = PBXFileReference; lastKnownFileType = folder.assetcatalog; path = Assets.xcassets; sourceTree = "<group>"; };
		95C5D560227792C20046BBA5 /* Base */ = {isa = PBXFileReference; lastKnownFileType = file.storyboard; name = Base; path = Base.lproj/LaunchScreen.storyboard; sourceTree = "<group>"; };
		95C5D562227792C20046BBA5 /* Info.plist */ = {isa = PBXFileReference; lastKnownFileType = text.plist.xml; path = Info.plist; sourceTree = "<group>"; };
		95C5D568227793190046BBA5 /* LogInViewController.swift */ = {isa = PBXFileReference; lastKnownFileType = sourcecode.swift; path = LogInViewController.swift; sourceTree = "<group>"; };
		95C5D56A227793310046BBA5 /* SignUpViewController.swift */ = {isa = PBXFileReference; lastKnownFileType = sourcecode.swift; path = SignUpViewController.swift; sourceTree = "<group>"; };
		95C5D56C2277A0F60046BBA5 /* InstagramLogo.svg */ = {isa = PBXFileReference; fileEncoding = 4; lastKnownFileType = text.xml; path = InstagramLogo.svg; sourceTree = "<group>"; };
		95C5D56E2277A7130046BBA5 /* HomeViewController.swift */ = {isa = PBXFileReference; lastKnownFileType = sourcecode.swift; path = HomeViewController.swift; sourceTree = "<group>"; };
		95C5D5702277A74C0046BBA5 /* DiscoverViewController.swift */ = {isa = PBXFileReference; lastKnownFileType = sourcecode.swift; path = DiscoverViewController.swift; sourceTree = "<group>"; };
		95C5D5722277A77E0046BBA5 /* CameraViewController.swift */ = {isa = PBXFileReference; lastKnownFileType = sourcecode.swift; path = CameraViewController.swift; sourceTree = "<group>"; };
		95C5D5742277A7BC0046BBA5 /* ActivityViewController.swift */ = {isa = PBXFileReference; lastKnownFileType = sourcecode.swift; path = ActivityViewController.swift; sourceTree = "<group>"; };
		95C5D5762277A7FA0046BBA5 /* ProfileViewController.swift */ = {isa = PBXFileReference; lastKnownFileType = sourcecode.swift; path = ProfileViewController.swift; sourceTree = "<group>"; };
		C1B85D00EDFC1ED645D3EE2B /* Pods-instagramCloneSwift.debug.xcconfig */ = {isa = PBXFileReference; includeInIndex = 1; lastKnownFileType = text.xcconfig; name = "Pods-instagramCloneSwift.debug.xcconfig"; path = "Pods/Target Support Files/Pods-instagramCloneSwift/Pods-instagramCloneSwift.debug.xcconfig"; sourceTree = "<group>"; };
		F01CA7D289765595FAD1C9B2 /* Pods-instagramCloneSwift.release.xcconfig */ = {isa = PBXFileReference; includeInIndex = 1; lastKnownFileType = text.xcconfig; name = "Pods-instagramCloneSwift.release.xcconfig"; path = "Pods/Target Support Files/Pods-instagramCloneSwift/Pods-instagramCloneSwift.release.xcconfig"; sourceTree = "<group>"; };
/* End PBXFileReference section */

/* Begin PBXFrameworksBuildPhase section */
		95C5D550227792C10046BBA5 /* Frameworks */ = {
			isa = PBXFrameworksBuildPhase;
			buildActionMask = 2147483647;
			files = (
				61750E8DAEB7FB6250C5FDA6 /* Pods_instagramCloneSwift.framework in Frameworks */,
			);
			runOnlyForDeploymentPostprocessing = 0;
		};
/* End PBXFrameworksBuildPhase section */

/* Begin PBXGroup section */
		5C2566148EC7CEB34849F415 /* Frameworks */ = {
			isa = PBXGroup;
			children = (
				1CF1609ABF0CB9DD4966377B /* Pods_instagramCloneSwift.framework */,
			);
			name = Frameworks;
			sourceTree = "<group>";
		};
		95895CFB2278DF9E009371DC /* Storyboards */ = {
			isa = PBXGroup;
			children = (
				95C5D55F227792C20046BBA5 /* LaunchScreen.storyboard */,
				95C5D55A227792C10046BBA5 /* Main.storyboard */,
				95895CF92278CDDA009371DC /* refactored.storyboard */,
			);
			path = Storyboards;
			sourceTree = "<group>";
		};
		95895CFC2278DFCF009371DC /* ViewContorllers */ = {
			isa = PBXGroup;
			children = (
				95C5D568227793190046BBA5 /* LogInViewController.swift */,
				95C5D56A227793310046BBA5 /* SignUpViewController.swift */,
				95C5D56E2277A7130046BBA5 /* HomeViewController.swift */,
				95C5D5722277A77E0046BBA5 /* CameraViewController.swift */,
				95C5D5742277A7BC0046BBA5 /* ActivityViewController.swift */,
				95C5D5702277A74C0046BBA5 /* DiscoverViewController.swift */,
				95C5D5762277A7FA0046BBA5 /* ProfileViewController.swift */,
			);
			path = ViewContorllers;
			sourceTree = "<group>";
		};
		95C5D54A227792C10046BBA5 = {
			isa = PBXGroup;
			children = (
				95C5D555227792C10046BBA5 /* instagramCloneSwift */,
				95C5D554227792C10046BBA5 /* Products */,
				C000F4A15CADA14B917F9659 /* Pods */,
				5C2566148EC7CEB34849F415 /* Frameworks */,
			);
			sourceTree = "<group>";
		};
		95C5D554227792C10046BBA5 /* Products */ = {
			isa = PBXGroup;
			children = (
				95C5D553227792C10046BBA5 /* instagramCloneSwift.app */,
			);
			name = Products;
			sourceTree = "<group>";
		};
		95C5D555227792C10046BBA5 /* instagramCloneSwift */ = {
			isa = PBXGroup;
			children = (
				95895CFD2278ED49009371DC /* GoogleService-Info.plist */,
				95C5D556227792C10046BBA5 /* AppDelegate.swift */,
				95C5D55D227792C20046BBA5 /* Assets.xcassets */,
				95C5D56C2277A0F60046BBA5 /* InstagramLogo.svg */,
				95C5D562227792C20046BBA5 /* Info.plist */,
				95895CFB2278DF9E009371DC /* Storyboards */,
				95895CFC2278DFCF009371DC /* ViewContorllers */,
			);
			path = instagramCloneSwift;
			sourceTree = "<group>";
		};
		C000F4A15CADA14B917F9659 /* Pods */ = {
			isa = PBXGroup;
			children = (
				C1B85D00EDFC1ED645D3EE2B /* Pods-instagramCloneSwift.debug.xcconfig */,
				F01CA7D289765595FAD1C9B2 /* Pods-instagramCloneSwift.release.xcconfig */,
			);
			name = Pods;
			sourceTree = "<group>";
		};
/* End PBXGroup section */

/* Begin PBXNativeTarget section */
		95C5D552227792C10046BBA5 /* instagramCloneSwift */ = {
			isa = PBXNativeTarget;
			buildConfigurationList = 95C5D565227792C20046BBA5 /* Build configuration list for PBXNativeTarget "instagramCloneSwift" */;
			buildPhases = (
				51301B20FF02D23F611B6FE0 /* [CP] Check Pods Manifest.lock */,
				95C5D54F227792C10046BBA5 /* Sources */,
				95C5D550227792C10046BBA5 /* Frameworks */,
				95C5D551227792C10046BBA5 /* Resources */,
				986B104415216F0C74453276 /* [CP] Embed Pods Frameworks */,
			);
			buildRules = (
			);
			dependencies = (
			);
			name = instagramCloneSwift;
			productName = instagramCloneSwift;
			productReference = 95C5D553227792C10046BBA5 /* instagramCloneSwift.app */;
			productType = "com.apple.product-type.application";
		};
/* End PBXNativeTarget section */

/* Begin PBXProject section */
		95C5D54B227792C10046BBA5 /* Project object */ = {
			isa = PBXProject;
			attributes = {
				LastSwiftUpdateCheck = 1020;
				LastUpgradeCheck = 1020;
				ORGANIZATIONNAME = Apex;
				TargetAttributes = {
					95C5D552227792C10046BBA5 = {
						CreatedOnToolsVersion = 10.2.1;
					};
				};
			};
			buildConfigurationList = 95C5D54E227792C10046BBA5 /* Build configuration list for PBXProject "instagramCloneSwift" */;
			compatibilityVersion = "Xcode 9.3";
			developmentRegion = en;
			hasScannedForEncodings = 0;
			knownRegions = (
				en,
				Base,
			);
			mainGroup = 95C5D54A227792C10046BBA5;
			productRefGroup = 95C5D554227792C10046BBA5 /* Products */;
			projectDirPath = "";
			projectRoot = "";
			targets = (
				95C5D552227792C10046BBA5 /* instagramCloneSwift */,
			);
		};
/* End PBXProject section */

/* Begin PBXResourcesBuildPhase section */
		95C5D551227792C10046BBA5 /* Resources */ = {
			isa = PBXResourcesBuildPhase;
			buildActionMask = 2147483647;
			files = (
				95C5D561227792C20046BBA5 /* LaunchScreen.storyboard in Resources */,
				95C5D55E227792C20046BBA5 /* Assets.xcassets in Resources */,
				95C5D56D2277A0F60046BBA5 /* InstagramLogo.svg in Resources */,
				95C5D55C227792C10046BBA5 /* Main.storyboard in Resources */,
				95895CFA2278CDDA009371DC /* refactored.storyboard in Resources */,
				95895CFE2278ED49009371DC /* GoogleService-Info.plist in Resources */,
			);
			runOnlyForDeploymentPostprocessing = 0;
		};
/* End PBXResourcesBuildPhase section */

/* Begin PBXShellScriptBuildPhase section */
		51301B20FF02D23F611B6FE0 /* [CP] Check Pods Manifest.lock */ = {
			isa = PBXShellScriptBuildPhase;
			buildActionMask = 2147483647;
			files = (
			);
			inputFileListPaths = (
			);
			inputPaths = (
				"${PODS_PODFILE_DIR_PATH}/Podfile.lock",
				"${PODS_ROOT}/Manifest.lock",
			);
			name = "[CP] Check Pods Manifest.lock";
			outputFileListPaths = (
			);
			outputPaths = (
				"$(DERIVED_FILE_DIR)/Pods-instagramCloneSwift-checkManifestLockResult.txt",
			);
			runOnlyForDeploymentPostprocessing = 0;
			shellPath = /bin/sh;
			shellScript = "diff \"${PODS_PODFILE_DIR_PATH}/Podfile.lock\" \"${PODS_ROOT}/Manifest.lock\" > /dev/null\nif [ $? != 0 ] ; then\n    # print error to STDERR\n    echo \"error: The sandbox is not in sync with the Podfile.lock. Run 'pod install' or update your CocoaPods installation.\" >&2\n    exit 1\nfi\n# This output is used by Xcode 'outputs' to avoid re-running this script phase.\necho \"SUCCESS\" > \"${SCRIPT_OUTPUT_FILE_0}\"\n";
			showEnvVarsInLog = 0;
		};
		986B104415216F0C74453276 /* [CP] Embed Pods Frameworks */ = {
			isa = PBXShellScriptBuildPhase;
			buildActionMask = 2147483647;
			files = (
			);
			inputFileListPaths = (
			);
			inputPaths = (
				"${SRCROOT}/Pods/Target Support Files/Pods-instagramCloneSwift/Pods-instagramCloneSwift-frameworks.sh",
				"${BUILT_PRODUCTS_DIR}/GTMSessionFetcher/GTMSessionFetcher.framework",
				"${BUILT_PRODUCTS_DIR}/GoogleUtilities/GoogleUtilities.framework",
				"${BUILT_PRODUCTS_DIR}/leveldb-library/leveldb.framework",
				"${BUILT_PRODUCTS_DIR}/nanopb/nanopb.framework",
			);
			name = "[CP] Embed Pods Frameworks";
			outputFileListPaths = (
			);
			outputPaths = (
				"${TARGET_BUILD_DIR}/${FRAMEWORKS_FOLDER_PATH}/GTMSessionFetcher.framework",
				"${TARGET_BUILD_DIR}/${FRAMEWORKS_FOLDER_PATH}/GoogleUtilities.framework",
				"${TARGET_BUILD_DIR}/${FRAMEWORKS_FOLDER_PATH}/leveldb.framework",
				"${TARGET_BUILD_DIR}/${FRAMEWORKS_FOLDER_PATH}/nanopb.framework",
			);
			runOnlyForDeploymentPostprocessing = 0;
			shellPath = /bin/sh;
			shellScript = "\"${SRCROOT}/Pods/Target Support Files/Pods-instagramCloneSwift/Pods-instagramCloneSwift-frameworks.sh\"\n";
			showEnvVarsInLog = 0;
		};
/* End PBXShellScriptBuildPhase section */

/* Begin PBXSourcesBuildPhase section */
		95C5D54F227792C10046BBA5 /* Sources */ = {
			isa = PBXSourcesBuildPhase;
			buildActionMask = 2147483647;
			files = (
				95C5D56B227793310046BBA5 /* SignUpViewController.swift in Sources */,
				95C5D569227793190046BBA5 /* LogInViewController.swift in Sources */,
				95C5D557227792C10046BBA5 /* AppDelegate.swift in Sources */,
				95C5D56F2277A7130046BBA5 /* HomeViewController.swift in Sources */,
				95C5D5752277A7BC0046BBA5 /* ActivityViewController.swift in Sources */,
				95C5D5712277A74C0046BBA5 /* DiscoverViewController.swift in Sources */,
				95C5D5772277A7FA0046BBA5 /* ProfileViewController.swift in Sources */,
				95C5D5732277A77E0046BBA5 /* CameraViewController.swift in Sources */,
			);
			runOnlyForDeploymentPostprocessing = 0;
		};
/* End PBXSourcesBuildPhase section */

/* Begin PBXVariantGroup section */
		95C5D55A227792C10046BBA5 /* Main.storyboard */ = {
			isa = PBXVariantGroup;
			children = (
				95C5D55B227792C10046BBA5 /* Base */,
			);
			name = Main.storyboard;
			sourceTree = "<group>";
		};
		95C5D55F227792C20046BBA5 /* LaunchScreen.storyboard */ = {
			isa = PBXVariantGroup;
			children = (
				95C5D560227792C20046BBA5 /* Base */,
			);
			name = LaunchScreen.storyboard;
			sourceTree = "<group>";
		};
/* End PBXVariantGroup section */

/* Begin XCBuildConfiguration section */
		95C5D563227792C20046BBA5 /* Debug */ = {
			isa = XCBuildConfiguration;
			buildSettings = {
				ALWAYS_SEARCH_USER_PATHS = NO;
				CLANG_ANALYZER_NONNULL = YES;
				CLANG_ANALYZER_NUMBER_OBJECT_CONVERSION = YES_AGGRESSIVE;
				CLANG_CXX_LANGUAGE_STANDARD = "gnu++14";
				CLANG_CXX_LIBRARY = "libc++";
				CLANG_ENABLE_MODULES = YES;
				CLANG_ENABLE_OBJC_ARC = YES;
				CLANG_ENABLE_OBJC_WEAK = YES;
				CLANG_WARN_BLOCK_CAPTURE_AUTORELEASING = YES;
				CLANG_WARN_BOOL_CONVERSION = YES;
				CLANG_WARN_COMMA = YES;
				CLANG_WARN_CONSTANT_CONVERSION = YES;
				CLANG_WARN_DEPRECATED_OBJC_IMPLEMENTATIONS = YES;
				CLANG_WARN_DIRECT_OBJC_ISA_USAGE = YES_ERROR;
				CLANG_WARN_DOCUMENTATION_COMMENTS = YES;
				CLANG_WARN_EMPTY_BODY = YES;
				CLANG_WARN_ENUM_CONVERSION = YES;
				CLANG_WARN_INFINITE_RECURSION = YES;
				CLANG_WARN_INT_CONVERSION = YES;
				CLANG_WARN_NON_LITERAL_NULL_CONVERSION = YES;
				CLANG_WARN_OBJC_IMPLICIT_RETAIN_SELF = YES;
				CLANG_WARN_OBJC_LITERAL_CONVERSION = YES;
				CLANG_WARN_OBJC_ROOT_CLASS = YES_ERROR;
				CLANG_WARN_RANGE_LOOP_ANALYSIS = YES;
				CLANG_WARN_STRICT_PROTOTYPES = YES;
				CLANG_WARN_SUSPICIOUS_MOVE = YES;
				CLANG_WARN_UNGUARDED_AVAILABILITY = YES_AGGRESSIVE;
				CLANG_WARN_UNREACHABLE_CODE = YES;
				CLANG_WARN__DUPLICATE_METHOD_MATCH = YES;
				CODE_SIGN_IDENTITY = "iPhone Developer";
				COPY_PHASE_STRIP = NO;
				DEBUG_INFORMATION_FORMAT = dwarf;
				ENABLE_STRICT_OBJC_MSGSEND = YES;
				ENABLE_TESTABILITY = YES;
				GCC_C_LANGUAGE_STANDARD = gnu11;
				GCC_DYNAMIC_NO_PIC = NO;
				GCC_NO_COMMON_BLOCKS = YES;
				GCC_OPTIMIZATION_LEVEL = 0;
				GCC_PREPROCESSOR_DEFINITIONS = (
					"DEBUG=1",
					"$(inherited)",
				);
				GCC_WARN_64_TO_32_BIT_CONVERSION = YES;
				GCC_WARN_ABOUT_RETURN_TYPE = YES_ERROR;
				GCC_WARN_UNDECLARED_SELECTOR = YES;
				GCC_WARN_UNINITIALIZED_AUTOS = YES_AGGRESSIVE;
				GCC_WARN_UNUSED_FUNCTION = YES;
				GCC_WARN_UNUSED_VARIABLE = YES;
				IPHONEOS_DEPLOYMENT_TARGET = 12.2;
				MTL_ENABLE_DEBUG_INFO = INCLUDE_SOURCE;
				MTL_FAST_MATH = YES;
				ONLY_ACTIVE_ARCH = YES;
				SDKROOT = iphoneos;
				SWIFT_ACTIVE_COMPILATION_CONDITIONS = DEBUG;
				SWIFT_OPTIMIZATION_LEVEL = "-Onone";
			};
			name = Debug;
		};
		95C5D564227792C20046BBA5 /* Release */ = {
			isa = XCBuildConfiguration;
			buildSettings = {
				ALWAYS_SEARCH_USER_PATHS = NO;
				CLANG_ANALYZER_NONNULL = YES;
				CLANG_ANALYZER_NUMBER_OBJECT_CONVERSION = YES_AGGRESSIVE;
				CLANG_CXX_LANGUAGE_STANDARD = "gnu++14";
				CLANG_CXX_LIBRARY = "libc++";
				CLANG_ENABLE_MODULES = YES;
				CLANG_ENABLE_OBJC_ARC = YES;
				CLANG_ENABLE_OBJC_WEAK = YES;
				CLANG_WARN_BLOCK_CAPTURE_AUTORELEASING = YES;
				CLANG_WARN_BOOL_CONVERSION = YES;
				CLANG_WARN_COMMA = YES;
				CLANG_WARN_CONSTANT_CONVERSION = YES;
				CLANG_WARN_DEPRECATED_OBJC_IMPLEMENTATIONS = YES;
				CLANG_WARN_DIRECT_OBJC_ISA_USAGE = YES_ERROR;
				CLANG_WARN_DOCUMENTATION_COMMENTS = YES;
				CLANG_WARN_EMPTY_BODY = YES;
				CLANG_WARN_ENUM_CONVERSION = YES;
				CLANG_WARN_INFINITE_RECURSION = YES;
				CLANG_WARN_INT_CONVERSION = YES;
				CLANG_WARN_NON_LITERAL_NULL_CONVERSION = YES;
				CLANG_WARN_OBJC_IMPLICIT_RETAIN_SELF = YES;
				CLANG_WARN_OBJC_LITERAL_CONVERSION = YES;
				CLANG_WARN_OBJC_ROOT_CLASS = YES_ERROR;
				CLANG_WARN_RANGE_LOOP_ANALYSIS = YES;
				CLANG_WARN_STRICT_PROTOTYPES = YES;
				CLANG_WARN_SUSPICIOUS_MOVE = YES;
				CLANG_WARN_UNGUARDED_AVAILABILITY = YES_AGGRESSIVE;
				CLANG_WARN_UNREACHABLE_CODE = YES;
				CLANG_WARN__DUPLICATE_METHOD_MATCH = YES;
				CODE_SIGN_IDENTITY = "iPhone Developer";
				COPY_PHASE_STRIP = NO;
				DEBUG_INFORMATION_FORMAT = "dwarf-with-dsym";
				ENABLE_NS_ASSERTIONS = NO;
				ENABLE_STRICT_OBJC_MSGSEND = YES;
				GCC_C_LANGUAGE_STANDARD = gnu11;
				GCC_NO_COMMON_BLOCKS = YES;
				GCC_WARN_64_TO_32_BIT_CONVERSION = YES;
				GCC_WARN_ABOUT_RETURN_TYPE = YES_ERROR;
				GCC_WARN_UNDECLARED_SELECTOR = YES;
				GCC_WARN_UNINITIALIZED_AUTOS = YES_AGGRESSIVE;
				GCC_WARN_UNUSED_FUNCTION = YES;
				GCC_WARN_UNUSED_VARIABLE = YES;
				IPHONEOS_DEPLOYMENT_TARGET = 12.2;
				MTL_ENABLE_DEBUG_INFO = NO;
				MTL_FAST_MATH = YES;
				SDKROOT = iphoneos;
				SWIFT_COMPILATION_MODE = wholemodule;
				SWIFT_OPTIMIZATION_LEVEL = "-O";
				VALIDATE_PRODUCT = YES;
			};
			name = Release;
		};
		95C5D566227792C20046BBA5 /* Debug */ = {
			isa = XCBuildConfiguration;
			baseConfigurationReference = C1B85D00EDFC1ED645D3EE2B /* Pods-instagramCloneSwift.debug.xcconfig */;
			buildSettings = {
				ASSETCATALOG_COMPILER_APPICON_NAME = AppIcon;
				CODE_SIGN_STYLE = Automatic;
				DEVELOPMENT_TEAM = TJ33F62Z7G;
				INFOPLIST_FILE = instagramCloneSwift/Info.plist;
				LD_RUNPATH_SEARCH_PATHS = (
					"$(inherited)",
					"@executable_path/Frameworks",
				);
				PRODUCT_BUNDLE_IDENTIFIER = jonghyun.instagramCloneSwift;
				PRODUCT_NAME = "$(TARGET_NAME)";
				SWIFT_VERSION = 5.0;
				TARGETED_DEVICE_FAMILY = "1,2";
			};
			name = Debug;
		};
		95C5D567227792C20046BBA5 /* Release */ = {
			isa = XCBuildConfiguration;
			baseConfigurationReference = F01CA7D289765595FAD1C9B2 /* Pods-instagramCloneSwift.release.xcconfig */;
			buildSettings = {
				ASSETCATALOG_COMPILER_APPICON_NAME = AppIcon;
				CODE_SIGN_STYLE = Automatic;
				DEVELOPMENT_TEAM = TJ33F62Z7G;
				INFOPLIST_FILE = instagramCloneSwift/Info.plist;
				LD_RUNPATH_SEARCH_PATHS = (
					"$(inherited)",
					"@executable_path/Frameworks",
				);
				PRODUCT_BUNDLE_IDENTIFIER = jonghyun.instagramCloneSwift;
				PRODUCT_NAME = "$(TARGET_NAME)";
				SWIFT_VERSION = 5.0;
				TARGETED_DEVICE_FAMILY = "1,2";
			};
			name = Release;
		};
/* End XCBuildConfiguration section */

/* Begin XCConfigurationList section */
		95C5D54E227792C10046BBA5 /* Build configuration list for PBXProject "instagramCloneSwift" */ = {
			isa = XCConfigurationList;
			buildConfigurations = (
				95C5D563227792C20046BBA5 /* Debug */,
				95C5D564227792C20046BBA5 /* Release */,
			);
			defaultConfigurationIsVisible = 0;
			defaultConfigurationName = Release;
		};
		95C5D565227792C20046BBA5 /* Build configuration list for PBXNativeTarget "instagramCloneSwift" */ = {
			isa = XCConfigurationList;
			buildConfigurations = (
				95C5D566227792C20046BBA5 /* Debug */,
				95C5D567227792C20046BBA5 /* Release */,
			);
			defaultConfigurationIsVisible = 0;
			defaultConfigurationName = Release;
		};
/* End XCConfigurationList section */
	};
	rootObject = 95C5D54B227792C10046BBA5 /* Project object */;
}
